// !$*UTF8*$!
{
	archiveVersion = 1;
	classes = {
	};
	objectVersion = 51;
	objects = {

/* Begin PBXBuildFile section */
		0463B25625E3BD4800734DAD /* UIImage+Gif.swift in Sources */ = {isa = PBXBuildFile; fileRef = 0463B25525E3BD4800734DAD /* UIImage+Gif.swift */; };
		047F36DA266152210036CA54 /* ScreenMeetTests.swift in Sources */ = {isa = PBXBuildFile; fileRef = 047F36D9266152210036CA54 /* ScreenMeetTests.swift */; };
		049C222C26236C9500C999CB /* CaptchaViewController.swift in Sources */ = {isa = PBXBuildFile; fileRef = 049C222B26236C9300C999CB /* CaptchaViewController.swift */; };
		049C222E26236CC200C999CB /* WebKit.framework in Frameworks */ = {isa = PBXBuildFile; fileRef = 049C222D26236CC200C999CB /* WebKit.framework */; };
		04CC0AE025AC6A6500B8C4E2 /* AppDelegate.swift in Sources */ = {isa = PBXBuildFile; fileRef = 04CC0ADF25AC6A6500B8C4E2 /* AppDelegate.swift */; };
		04CC0AE225AC6A6500B8C4E2 /* SceneDelegate.swift in Sources */ = {isa = PBXBuildFile; fileRef = 04CC0AE125AC6A6500B8C4E2 /* SceneDelegate.swift */; };
		04CC0AE725AC6A6500B8C4E2 /* Main.storyboard in Resources */ = {isa = PBXBuildFile; fileRef = 04CC0AE525AC6A6500B8C4E2 /* Main.storyboard */; };
		04CC0AE925AC6A6900B8C4E2 /* Assets.xcassets in Resources */ = {isa = PBXBuildFile; fileRef = 04CC0AE825AC6A6900B8C4E2 /* Assets.xcassets */; };
		04CC0AEC25AC6A6900B8C4E2 /* LaunchScreen.storyboard in Resources */ = {isa = PBXBuildFile; fileRef = 04CC0AEA25AC6A6900B8C4E2 /* LaunchScreen.storyboard */; };
		20763F264906CF27021B177C /* Pods_ScreenMeetTests.framework in Frameworks */ = {isa = PBXBuildFile; fileRef = 86C98A68467DC54BAECFEB76 /* Pods_ScreenMeetTests.framework */; };
		911A32C82768F52200C89F0B /* SMDemoRemoteControlWebViewController.swift in Sources */ = {isa = PBXBuildFile; fileRef = 911A32C72768F52200C89F0B /* SMDemoRemoteControlWebViewController.swift */; };
		912E4AAC276A870300A46A8D /* SMDemoRemoteControlSegmentCell.swift in Sources */ = {isa = PBXBuildFile; fileRef = 912E4AAB276A870300A46A8D /* SMDemoRemoteControlSegmentCell.swift */; };
		912E4AAE27721EB800A46A8D /* SMDemoRemoteControlTabbarViewController.swift in Sources */ = {isa = PBXBuildFile; fileRef = 912E4AAD27721EB800A46A8D /* SMDemoRemoteControlTabbarViewController.swift */; };
		91865567266FBCC3008AC955 /* SpinerLayer.swift in Sources */ = {isa = PBXBuildFile; fileRef = 91865562266FBCC3008AC955 /* SpinerLayer.swift */; };
		91865568266FBCC3008AC955 /* FadeTransition.swift in Sources */ = {isa = PBXBuildFile; fileRef = 91865563266FBCC3008AC955 /* FadeTransition.swift */; };
		91865569266FBCC3008AC955 /* TransitionButton.swift in Sources */ = {isa = PBXBuildFile; fileRef = 91865564266FBCC3008AC955 /* TransitionButton.swift */; };
		9186556A266FBCC3008AC955 /* CustomTransitionViewController.swift in Sources */ = {isa = PBXBuildFile; fileRef = 91865565266FBCC3008AC955 /* CustomTransitionViewController.swift */; };
		9186556B266FBCC3008AC955 /* CGRectExtension.swift in Sources */ = {isa = PBXBuildFile; fileRef = 91865566266FBCC3008AC955 /* CGRectExtension.swift */; };
		918655A4266FC86B008AC955 /* UnderLineTextField.swift in Sources */ = {isa = PBXBuildFile; fileRef = 918655A3266FC86B008AC955 /* UnderLineTextField.swift */; };
		918655A7266FCC36008AC955 /* mushrooms.gif in Resources */ = {isa = PBXBuildFile; fileRef = 918655A6266FCC36008AC955 /* mushrooms.gif */; };
		9197CDA626CFB58C0037B7BA /* SMChatBubbleView.swift in Sources */ = {isa = PBXBuildFile; fileRef = 9197CDA526CFB58C0037B7BA /* SMChatBubbleView.swift */; };
		9197CDA826CFB8DD0037B7BA /* SMChatMessagesView.swift in Sources */ = {isa = PBXBuildFile; fileRef = 9197CDA726CFB8DD0037B7BA /* SMChatMessagesView.swift */; };
		9197CDF026CFBA590037B7BA /* AttachmentManager.swift in Sources */ = {isa = PBXBuildFile; fileRef = 9197CDBF26CFBA590037B7BA /* AttachmentManager.swift */; };
		9197CDF126CFBA590037B7BA /* ImageAttachmentCell.swift in Sources */ = {isa = PBXBuildFile; fileRef = 9197CDC126CFBA590037B7BA /* ImageAttachmentCell.swift */; };
		9197CDF326CFBA590037B7BA /* AttachmentCell.swift in Sources */ = {isa = PBXBuildFile; fileRef = 9197CDC326CFBA590037B7BA /* AttachmentCell.swift */; };
		9197CDF426CFBA590037B7BA /* AttachmentsView.swift in Sources */ = {isa = PBXBuildFile; fileRef = 9197CDC426CFBA590037B7BA /* AttachmentsView.swift */; };
		9197CDF526CFBA590037B7BA /* AttachmentManagerDataSource.swift in Sources */ = {isa = PBXBuildFile; fileRef = 9197CDC626CFBA590037B7BA /* AttachmentManagerDataSource.swift */; };
		9197CDF626CFBA590037B7BA /* AttachmentManagerDelegate.swift in Sources */ = {isa = PBXBuildFile; fileRef = 9197CDC726CFBA590037B7BA /* AttachmentManagerDelegate.swift */; };
		9197CDF726CFBA590037B7BA /* AutocompleteManager.swift in Sources */ = {isa = PBXBuildFile; fileRef = 9197CDC926CFBA590037B7BA /* AutocompleteManager.swift */; };
		9197CDF826CFBA590037B7BA /* AutocompleteSession.swift in Sources */ = {isa = PBXBuildFile; fileRef = 9197CDCB26CFBA590037B7BA /* AutocompleteSession.swift */; };
		9197CDF926CFBA590037B7BA /* AutocompleteCompletion.swift in Sources */ = {isa = PBXBuildFile; fileRef = 9197CDCC26CFBA590037B7BA /* AutocompleteCompletion.swift */; };
		9197CDFA26CFBA590037B7BA /* AutocompleteTableView.swift in Sources */ = {isa = PBXBuildFile; fileRef = 9197CDCE26CFBA590037B7BA /* AutocompleteTableView.swift */; };
		9197CDFB26CFBA590037B7BA /* AutocompleteCell.swift in Sources */ = {isa = PBXBuildFile; fileRef = 9197CDCF26CFBA590037B7BA /* AutocompleteCell.swift */; };
		9197CDFC26CFBA590037B7BA /* AutocompleteManagerDelegate.swift in Sources */ = {isa = PBXBuildFile; fileRef = 9197CDD126CFBA590037B7BA /* AutocompleteManagerDelegate.swift */; };
		9197CDFD26CFBA590037B7BA /* AutocompleteManagerDataSource.swift in Sources */ = {isa = PBXBuildFile; fileRef = 9197CDD226CFBA590037B7BA /* AutocompleteManagerDataSource.swift */; };
		9197CDFE26CFBA590037B7BA /* KeyboardManager.swift in Sources */ = {isa = PBXBuildFile; fileRef = 9197CDD426CFBA590037B7BA /* KeyboardManager.swift */; };
		9197CDFF26CFBA590037B7BA /* KeyboardNotification.swift in Sources */ = {isa = PBXBuildFile; fileRef = 9197CDD526CFBA590037B7BA /* KeyboardNotification.swift */; };
		9197CE0026CFBA590037B7BA /* KeyboardEvent.swift in Sources */ = {isa = PBXBuildFile; fileRef = 9197CDD626CFBA590037B7BA /* KeyboardEvent.swift */; };
		9197CE0126CFBA590037B7BA /* HorizontalEdgePadding.swift in Sources */ = {isa = PBXBuildFile; fileRef = 9197CDD826CFBA590037B7BA /* HorizontalEdgePadding.swift */; };
		9197CE0226CFBA590037B7BA /* NSConstraintLayoutSet.swift in Sources */ = {isa = PBXBuildFile; fileRef = 9197CDD926CFBA590037B7BA /* NSConstraintLayoutSet.swift */; };
		9197CE0326CFBA590037B7BA /* NSNotification+Extensions.swift in Sources */ = {isa = PBXBuildFile; fileRef = 9197CDDB26CFBA590037B7BA /* NSNotification+Extensions.swift */; };
		9197CE0426CFBA590037B7BA /* String+Extensions.swift in Sources */ = {isa = PBXBuildFile; fileRef = 9197CDDC26CFBA590037B7BA /* String+Extensions.swift */; };
		9197CE0526CFBA590037B7BA /* UITextView+Extensions.swift in Sources */ = {isa = PBXBuildFile; fileRef = 9197CDDD26CFBA590037B7BA /* UITextView+Extensions.swift */; };
		9197CE0626CFBA590037B7BA /* NSMutableAttributedString+Extensions.swift in Sources */ = {isa = PBXBuildFile; fileRef = 9197CDDE26CFBA590037B7BA /* NSMutableAttributedString+Extensions.swift */; };
		9197CE0726CFBA590037B7BA /* UIView+AutoLayout.swift in Sources */ = {isa = PBXBuildFile; fileRef = 9197CDDF26CFBA590037B7BA /* UIView+AutoLayout.swift */; };
		9197CE0826CFBA590037B7BA /* InputBarAccessoryView.swift in Sources */ = {isa = PBXBuildFile; fileRef = 9197CDE026CFBA590037B7BA /* InputBarAccessoryView.swift */; };
		9197CE0926CFBA590037B7BA /* InputBarButtonItem.swift in Sources */ = {isa = PBXBuildFile; fileRef = 9197CDE226CFBA590037B7BA /* InputBarButtonItem.swift */; };
		9197CE0A26CFBA590037B7BA /* InputBarSendButton.swift in Sources */ = {isa = PBXBuildFile; fileRef = 9197CDE326CFBA590037B7BA /* InputBarSendButton.swift */; };
		9197CE0B26CFBA590037B7BA /* InputBarViewController.swift in Sources */ = {isa = PBXBuildFile; fileRef = 9197CDE526CFBA590037B7BA /* InputBarViewController.swift */; };
		9197CE0C26CFBA590037B7BA /* InputBarAccessoryView+Availability.swift in Sources */ = {isa = PBXBuildFile; fileRef = 9197CDE726CFBA590037B7BA /* InputBarAccessoryView+Availability.swift */; };
		9197CE0D26CFBA590037B7BA /* InputStackView.swift in Sources */ = {isa = PBXBuildFile; fileRef = 9197CDE926CFBA590037B7BA /* InputStackView.swift */; };
		9197CE0E26CFBA590037B7BA /* InputTextView.swift in Sources */ = {isa = PBXBuildFile; fileRef = 9197CDEA26CFBA590037B7BA /* InputTextView.swift */; };
		9197CE0F26CFBA590037B7BA /* SeparatorLine.swift in Sources */ = {isa = PBXBuildFile; fileRef = 9197CDEB26CFBA590037B7BA /* SeparatorLine.swift */; };
		9197CE1026CFBA590037B7BA /* InputPlugin.swift in Sources */ = {isa = PBXBuildFile; fileRef = 9197CDED26CFBA590037B7BA /* InputPlugin.swift */; };
		9197CE1126CFBA590037B7BA /* InputBarAccessoryViewDelegate.swift in Sources */ = {isa = PBXBuildFile; fileRef = 9197CDEE26CFBA590037B7BA /* InputBarAccessoryViewDelegate.swift */; };
		9197CE1226CFBA590037B7BA /* InputItem.swift in Sources */ = {isa = PBXBuildFile; fileRef = 9197CDEF26CFBA590037B7BA /* InputItem.swift */; };
		9197CE1E26CFBC3C0037B7BA /* PhotoCell.swift in Sources */ = {isa = PBXBuildFile; fileRef = 9197CE1526CFBC3C0037B7BA /* PhotoCell.swift */; };
		9197CE1F26CFBC3C0037B7BA /* InboxCell.swift in Sources */ = {isa = PBXBuildFile; fileRef = 9197CE1626CFBC3C0037B7BA /* InboxCell.swift */; };
		9197CE2026CFBC3C0037B7BA /* SlackInputBar.swift in Sources */ = {isa = PBXBuildFile; fileRef = 9197CE1726CFBC3C0037B7BA /* SlackInputBar.swift */; };
		9197CE2126CFBC3C0037B7BA /* TableDragAndDropDelegate.swift in Sources */ = {isa = PBXBuildFile; fileRef = 9197CE1826CFBC3C0037B7BA /* TableDragAndDropDelegate.swift */; };
		9197CE2326CFBC3C0037B7BA /* FacebookInputBar.swift in Sources */ = {isa = PBXBuildFile; fileRef = 9197CE1A26CFBC3C0037B7BA /* FacebookInputBar.swift */; };
		9197CE2426CFBC3C0037B7BA /* InputBarStyle.swift in Sources */ = {isa = PBXBuildFile; fileRef = 9197CE1B26CFBC3C0037B7BA /* InputBarStyle.swift */; };
		9197CE2526CFBC3C0037B7BA /* NoTextViewInputBar.swift in Sources */ = {isa = PBXBuildFile; fileRef = 9197CE1C26CFBC3C0037B7BA /* NoTextViewInputBar.swift */; };
		9197CE2626CFBC3C0037B7BA /* iMessageInputBar.swift in Sources */ = {isa = PBXBuildFile; fileRef = 9197CE1D26CFBC3C0037B7BA /* iMessageInputBar.swift */; };
		9197CE2B26CFBCEA0037B7BA /* Bundle+Helpers.swift in Sources */ = {isa = PBXBuildFile; fileRef = 9197CE2826CFBCEA0037B7BA /* Bundle+Helpers.swift */; };
		9197CE2C26CFBCEA0037B7BA /* FDTakeController.swift in Sources */ = {isa = PBXBuildFile; fileRef = 9197CE2926CFBCEA0037B7BA /* FDTakeController.swift */; };
		9197CE2D26CFBCEA0037B7BA /* FDTakeControllerLocalizableStrings.swift in Sources */ = {isa = PBXBuildFile; fileRef = 9197CE2A26CFBCEA0037B7BA /* FDTakeControllerLocalizableStrings.swift */; };
		9197CE2F26CFF72B0037B7BA /* UIColor+Branding.swift in Sources */ = {isa = PBXBuildFile; fileRef = 9197CE2E26CFF72B0037B7BA /* UIColor+Branding.swift */; };
		9197CE3426D00CA40037B7BA /* TextMessageCell.swift in Sources */ = {isa = PBXBuildFile; fileRef = 9197CE3326D00CA40037B7BA /* TextMessageCell.swift */; };
		9197CE3626D00FAF0037B7BA /* TextMessageCell.xib in Resources */ = {isa = PBXBuildFile; fileRef = 9197CE3526D00FAF0037B7BA /* TextMessageCell.xib */; };
		91DBE98726F4DCB50086338C /* SMTestFormView.swift in Sources */ = {isa = PBXBuildFile; fileRef = 91DBE98626F4DCB50086338C /* SMTestFormView.swift */; };
		91DBE98C26F8B83C0086338C /* SMDemoRemoteControlNativeFormViewController.swift in Sources */ = {isa = PBXBuildFile; fileRef = 91DBE98B26F8B83C0086338C /* SMDemoRemoteControlNativeFormViewController.swift */; };
		91DBE98F26F8C7540086338C /* SMDemoRemoteControlTextFieldCell.swift in Sources */ = {isa = PBXBuildFile; fileRef = 91DBE98E26F8C7540086338C /* SMDemoRemoteControlTextFieldCell.swift */; };
		91DBE99126F8C7630086338C /* SMDemoRemoteControlTextViewCell.swift in Sources */ = {isa = PBXBuildFile; fileRef = 91DBE99026F8C7630086338C /* SMDemoRemoteControlTextViewCell.swift */; };
		91DBE99326F8C7790086338C /* SMDemoRemoteControlButtonCell.swift in Sources */ = {isa = PBXBuildFile; fileRef = 91DBE99226F8C7790086338C /* SMDemoRemoteControlButtonCell.swift */; };
		91DBE99526FB524C0086338C /* SMDemoRemoteControlFillerCell.swift in Sources */ = {isa = PBXBuildFile; fileRef = 91DBE99426FB524C0086338C /* SMDemoRemoteControlFillerCell.swift */; };
		91DBE99726FB756C0086338C /* SMDemoRemoteControlSwitchCell.swift in Sources */ = {isa = PBXBuildFile; fileRef = 91DBE99626FB756C0086338C /* SMDemoRemoteControlSwitchCell.swift */; };
		A3AEC24E0588CAEFB800D9FF /* Pods_ScreenMeet.framework in Frameworks */ = {isa = PBXBuildFile; fileRef = F57D6F3DE8F95A515928F9F0 /* Pods_ScreenMeet.framework */; };
		A9357590267A540000680134 /* SMFloatingVideoView.swift in Sources */ = {isa = PBXBuildFile; fileRef = A935758F267A540000680134 /* SMFloatingVideoView.swift */; };
		A946497325F7CE9500FDB22C /* MainViewController.swift in Sources */ = {isa = PBXBuildFile; fileRef = A946497225F7CE9500FDB22C /* MainViewController.swift */; };
		A946497A25F8C64100FDB22C /* SMUserInterface.swift in Sources */ = {isa = PBXBuildFile; fileRef = A946497925F8C64100FDB22C /* SMUserInterface.swift */; };
		A946497C25F8E06D00FDB22C /* SMOptionViewController.swift in Sources */ = {isa = PBXBuildFile; fileRef = A946497B25F8E06D00FDB22C /* SMOptionViewController.swift */; };
		A946497E25F8EFD700FDB22C /* SMParticipantsTableViewCell.swift in Sources */ = {isa = PBXBuildFile; fileRef = A946497D25F8EFD700FDB22C /* SMParticipantsTableViewCell.swift */; };
		A946498025F919AC00FDB22C /* SMSmallVideoView.swift in Sources */ = {isa = PBXBuildFile; fileRef = A946497F25F919AC00FDB22C /* SMSmallVideoView.swift */; };
		A946498725FA3ACB00FDB22C /* SMMainVideoView.swift in Sources */ = {isa = PBXBuildFile; fileRef = A946498625FA3ACB00FDB22C /* SMMainVideoView.swift */; };
		A946498A25FA529100FDB22C /* SMRemoteVideosView.swift in Sources */ = {isa = PBXBuildFile; fileRef = A946498925FA529100FDB22C /* SMRemoteVideosView.swift */; };
		A946498C25FA547F00FDB22C /* SMRemoteVideoTableViewCell.swift in Sources */ = {isa = PBXBuildFile; fileRef = A946498B25FA547F00FDB22C /* SMRemoteVideoTableViewCell.swift */; };
		A946498E25FA5EC400FDB22C /* WebViewController.swift in Sources */ = {isa = PBXBuildFile; fileRef = A946498D25FA5EC400FDB22C /* WebViewController.swift */; };
		A95BFBEE25F7C4E900432305 /* SMMainViewController.swift in Sources */ = {isa = PBXBuildFile; fileRef = A95BFBED25F7C4E900432305 /* SMMainViewController.swift */; };
		A95BFBF125F7C53F00432305 /* SMControlButton.swift in Sources */ = {isa = PBXBuildFile; fileRef = A95BFBF025F7C53F00432305 /* SMControlButton.swift */; };
		A95BFBF325F7C55000432305 /* SMControlBar.swift in Sources */ = {isa = PBXBuildFile; fileRef = A95BFBF225F7C55000432305 /* SMControlBar.swift */; };
		A95BFBF625F7C5A300432305 /* sm_logo.png in Resources */ = {isa = PBXBuildFile; fileRef = A95BFBF525F7C5A300432305 /* sm_logo.png */; };
		A95BFC0A25F7C96A00432305 /* stars.gif in Resources */ = {isa = PBXBuildFile; fileRef = A95BFC0825F7C96A00432305 /* stars.gif */; };
/* End PBXBuildFile section */

/* Begin PBXContainerItemProxy section */
		047F36DC266152210036CA54 /* PBXContainerItemProxy */ = {
			isa = PBXContainerItemProxy;
			containerPortal = 04CC0AD425AC6A6500B8C4E2 /* Project object */;
			proxyType = 1;
			remoteGlobalIDString = 04CC0ADB25AC6A6500B8C4E2;
			remoteInfo = ScreenMeet;
		};
/* End PBXContainerItemProxy section */

/* Begin PBXCopyFilesBuildPhase section */
		045A714125CB0B38004A3E1D /* Embed Frameworks */ = {
			isa = PBXCopyFilesBuildPhase;
			buildActionMask = 2147483647;
			dstPath = "";
			dstSubfolderSpec = 10;
			files = (
			);
			name = "Embed Frameworks";
			runOnlyForDeploymentPostprocessing = 0;
		};
/* End PBXCopyFilesBuildPhase section */

/* Begin PBXFileReference section */
		04553E5925AF9B1D00159844 /* ScreenMeet-Bridging-Header.h */ = {isa = PBXFileReference; lastKnownFileType = sourcecode.c.h; path = "ScreenMeet-Bridging-Header.h"; sourceTree = "<group>"; };
		0463B25525E3BD4800734DAD /* UIImage+Gif.swift */ = {isa = PBXFileReference; lastKnownFileType = sourcecode.swift; path = "UIImage+Gif.swift"; sourceTree = "<group>"; };
		047F36D7266152210036CA54 /* ScreenMeetTests.xctest */ = {isa = PBXFileReference; explicitFileType = wrapper.cfbundle; includeInIndex = 0; path = ScreenMeetTests.xctest; sourceTree = BUILT_PRODUCTS_DIR; };
		047F36D9266152210036CA54 /* ScreenMeetTests.swift */ = {isa = PBXFileReference; lastKnownFileType = sourcecode.swift; path = ScreenMeetTests.swift; sourceTree = "<group>"; };
		047F36DB266152210036CA54 /* Info.plist */ = {isa = PBXFileReference; lastKnownFileType = text.plist.xml; path = Info.plist; sourceTree = "<group>"; };
		049C222B26236C9300C999CB /* CaptchaViewController.swift */ = {isa = PBXFileReference; lastKnownFileType = sourcecode.swift; path = CaptchaViewController.swift; sourceTree = "<group>"; };
		049C222D26236CC200C999CB /* WebKit.framework */ = {isa = PBXFileReference; lastKnownFileType = wrapper.framework; name = WebKit.framework; path = System/Library/Frameworks/WebKit.framework; sourceTree = SDKROOT; };
		04CC0ADC25AC6A6500B8C4E2 /* ScreenMeet.app */ = {isa = PBXFileReference; explicitFileType = wrapper.application; includeInIndex = 0; path = ScreenMeet.app; sourceTree = BUILT_PRODUCTS_DIR; };
		04CC0ADF25AC6A6500B8C4E2 /* AppDelegate.swift */ = {isa = PBXFileReference; lastKnownFileType = sourcecode.swift; path = AppDelegate.swift; sourceTree = "<group>"; };
		04CC0AE125AC6A6500B8C4E2 /* SceneDelegate.swift */ = {isa = PBXFileReference; lastKnownFileType = sourcecode.swift; path = SceneDelegate.swift; sourceTree = "<group>"; };
		04CC0AE625AC6A6500B8C4E2 /* Base */ = {isa = PBXFileReference; lastKnownFileType = file.storyboard; name = Base; path = Base.lproj/Main.storyboard; sourceTree = "<group>"; };
		04CC0AE825AC6A6900B8C4E2 /* Assets.xcassets */ = {isa = PBXFileReference; lastKnownFileType = folder.assetcatalog; path = Assets.xcassets; sourceTree = "<group>"; };
		04CC0AEB25AC6A6900B8C4E2 /* Base */ = {isa = PBXFileReference; lastKnownFileType = file.storyboard; name = Base; path = Base.lproj/LaunchScreen.storyboard; sourceTree = "<group>"; };
		04CC0AED25AC6A6900B8C4E2 /* Info.plist */ = {isa = PBXFileReference; lastKnownFileType = text.plist.xml; path = Info.plist; sourceTree = "<group>"; };
		148E30CA7C218518B7C57077 /* Pods-ScreenMeet.release.xcconfig */ = {isa = PBXFileReference; includeInIndex = 1; lastKnownFileType = text.xcconfig; name = "Pods-ScreenMeet.release.xcconfig"; path = "Target Support Files/Pods-ScreenMeet/Pods-ScreenMeet.release.xcconfig"; sourceTree = "<group>"; };
		47A14B1D7CEB36205A4BA5CD /* Pods-ScreenMeetTests.debug.xcconfig */ = {isa = PBXFileReference; includeInIndex = 1; lastKnownFileType = text.xcconfig; name = "Pods-ScreenMeetTests.debug.xcconfig"; path = "Target Support Files/Pods-ScreenMeetTests/Pods-ScreenMeetTests.debug.xcconfig"; sourceTree = "<group>"; };
		608E0CA996BC6302C9735526 /* Pods-ScreenMeet.debug.xcconfig */ = {isa = PBXFileReference; includeInIndex = 1; lastKnownFileType = text.xcconfig; name = "Pods-ScreenMeet.debug.xcconfig"; path = "Target Support Files/Pods-ScreenMeet/Pods-ScreenMeet.debug.xcconfig"; sourceTree = "<group>"; };
		77709DFECD64545BD377F7B2 /* Pods-ScreenMeetTests.release.xcconfig */ = {isa = PBXFileReference; includeInIndex = 1; lastKnownFileType = text.xcconfig; name = "Pods-ScreenMeetTests.release.xcconfig"; path = "Target Support Files/Pods-ScreenMeetTests/Pods-ScreenMeetTests.release.xcconfig"; sourceTree = "<group>"; };
		86C98A68467DC54BAECFEB76 /* Pods_ScreenMeetTests.framework */ = {isa = PBXFileReference; explicitFileType = wrapper.framework; includeInIndex = 0; path = Pods_ScreenMeetTests.framework; sourceTree = BUILT_PRODUCTS_DIR; };
		911A32C72768F52200C89F0B /* SMDemoRemoteControlWebViewController.swift */ = {isa = PBXFileReference; lastKnownFileType = sourcecode.swift; path = SMDemoRemoteControlWebViewController.swift; sourceTree = "<group>"; };
		912E4AAB276A870300A46A8D /* SMDemoRemoteControlSegmentCell.swift */ = {isa = PBXFileReference; lastKnownFileType = sourcecode.swift; path = SMDemoRemoteControlSegmentCell.swift; sourceTree = "<group>"; };
		912E4AAD27721EB800A46A8D /* SMDemoRemoteControlTabbarViewController.swift */ = {isa = PBXFileReference; lastKnownFileType = sourcecode.swift; path = SMDemoRemoteControlTabbarViewController.swift; sourceTree = "<group>"; };
		91865562266FBCC3008AC955 /* SpinerLayer.swift */ = {isa = PBXFileReference; fileEncoding = 4; lastKnownFileType = sourcecode.swift; path = SpinerLayer.swift; sourceTree = "<group>"; };
		91865563266FBCC3008AC955 /* FadeTransition.swift */ = {isa = PBXFileReference; fileEncoding = 4; lastKnownFileType = sourcecode.swift; path = FadeTransition.swift; sourceTree = "<group>"; };
		91865564266FBCC3008AC955 /* TransitionButton.swift */ = {isa = PBXFileReference; fileEncoding = 4; lastKnownFileType = sourcecode.swift; path = TransitionButton.swift; sourceTree = "<group>"; };
		91865565266FBCC3008AC955 /* CustomTransitionViewController.swift */ = {isa = PBXFileReference; fileEncoding = 4; lastKnownFileType = sourcecode.swift; path = CustomTransitionViewController.swift; sourceTree = "<group>"; };
		91865566266FBCC3008AC955 /* CGRectExtension.swift */ = {isa = PBXFileReference; fileEncoding = 4; lastKnownFileType = sourcecode.swift; path = CGRectExtension.swift; sourceTree = "<group>"; };
		918655A3266FC86B008AC955 /* UnderLineTextField.swift */ = {isa = PBXFileReference; lastKnownFileType = sourcecode.swift; path = UnderLineTextField.swift; sourceTree = "<group>"; };
		918655A6266FCC36008AC955 /* mushrooms.gif */ = {isa = PBXFileReference; lastKnownFileType = image.gif; path = mushrooms.gif; sourceTree = "<group>"; };
		9197CDA526CFB58C0037B7BA /* SMChatBubbleView.swift */ = {isa = PBXFileReference; lastKnownFileType = sourcecode.swift; path = SMChatBubbleView.swift; sourceTree = "<group>"; };
		9197CDA726CFB8DD0037B7BA /* SMChatMessagesView.swift */ = {isa = PBXFileReference; fileEncoding = 4; lastKnownFileType = sourcecode.swift; path = SMChatMessagesView.swift; sourceTree = "<group>"; };
		9197CDBF26CFBA590037B7BA /* AttachmentManager.swift */ = {isa = PBXFileReference; fileEncoding = 4; lastKnownFileType = sourcecode.swift; path = AttachmentManager.swift; sourceTree = "<group>"; };
		9197CDC126CFBA590037B7BA /* ImageAttachmentCell.swift */ = {isa = PBXFileReference; fileEncoding = 4; lastKnownFileType = sourcecode.swift; path = ImageAttachmentCell.swift; sourceTree = "<group>"; };
		9197CDC326CFBA590037B7BA /* AttachmentCell.swift */ = {isa = PBXFileReference; fileEncoding = 4; lastKnownFileType = sourcecode.swift; path = AttachmentCell.swift; sourceTree = "<group>"; };
		9197CDC426CFBA590037B7BA /* AttachmentsView.swift */ = {isa = PBXFileReference; fileEncoding = 4; lastKnownFileType = sourcecode.swift; path = AttachmentsView.swift; sourceTree = "<group>"; };
		9197CDC626CFBA590037B7BA /* AttachmentManagerDataSource.swift */ = {isa = PBXFileReference; fileEncoding = 4; lastKnownFileType = sourcecode.swift; path = AttachmentManagerDataSource.swift; sourceTree = "<group>"; };
		9197CDC726CFBA590037B7BA /* AttachmentManagerDelegate.swift */ = {isa = PBXFileReference; fileEncoding = 4; lastKnownFileType = sourcecode.swift; path = AttachmentManagerDelegate.swift; sourceTree = "<group>"; };
		9197CDC926CFBA590037B7BA /* AutocompleteManager.swift */ = {isa = PBXFileReference; fileEncoding = 4; lastKnownFileType = sourcecode.swift; path = AutocompleteManager.swift; sourceTree = "<group>"; };
		9197CDCB26CFBA590037B7BA /* AutocompleteSession.swift */ = {isa = PBXFileReference; fileEncoding = 4; lastKnownFileType = sourcecode.swift; path = AutocompleteSession.swift; sourceTree = "<group>"; };
		9197CDCC26CFBA590037B7BA /* AutocompleteCompletion.swift */ = {isa = PBXFileReference; fileEncoding = 4; lastKnownFileType = sourcecode.swift; path = AutocompleteCompletion.swift; sourceTree = "<group>"; };
		9197CDCE26CFBA590037B7BA /* AutocompleteTableView.swift */ = {isa = PBXFileReference; fileEncoding = 4; lastKnownFileType = sourcecode.swift; path = AutocompleteTableView.swift; sourceTree = "<group>"; };
		9197CDCF26CFBA590037B7BA /* AutocompleteCell.swift */ = {isa = PBXFileReference; fileEncoding = 4; lastKnownFileType = sourcecode.swift; path = AutocompleteCell.swift; sourceTree = "<group>"; };
		9197CDD126CFBA590037B7BA /* AutocompleteManagerDelegate.swift */ = {isa = PBXFileReference; fileEncoding = 4; lastKnownFileType = sourcecode.swift; path = AutocompleteManagerDelegate.swift; sourceTree = "<group>"; };
		9197CDD226CFBA590037B7BA /* AutocompleteManagerDataSource.swift */ = {isa = PBXFileReference; fileEncoding = 4; lastKnownFileType = sourcecode.swift; path = AutocompleteManagerDataSource.swift; sourceTree = "<group>"; };
		9197CDD426CFBA590037B7BA /* KeyboardManager.swift */ = {isa = PBXFileReference; fileEncoding = 4; lastKnownFileType = sourcecode.swift; path = KeyboardManager.swift; sourceTree = "<group>"; };
		9197CDD526CFBA590037B7BA /* KeyboardNotification.swift */ = {isa = PBXFileReference; fileEncoding = 4; lastKnownFileType = sourcecode.swift; path = KeyboardNotification.swift; sourceTree = "<group>"; };
		9197CDD626CFBA590037B7BA /* KeyboardEvent.swift */ = {isa = PBXFileReference; fileEncoding = 4; lastKnownFileType = sourcecode.swift; path = KeyboardEvent.swift; sourceTree = "<group>"; };
		9197CDD826CFBA590037B7BA /* HorizontalEdgePadding.swift */ = {isa = PBXFileReference; fileEncoding = 4; lastKnownFileType = sourcecode.swift; path = HorizontalEdgePadding.swift; sourceTree = "<group>"; };
		9197CDD926CFBA590037B7BA /* NSConstraintLayoutSet.swift */ = {isa = PBXFileReference; fileEncoding = 4; lastKnownFileType = sourcecode.swift; path = NSConstraintLayoutSet.swift; sourceTree = "<group>"; };
		9197CDDB26CFBA590037B7BA /* NSNotification+Extensions.swift */ = {isa = PBXFileReference; fileEncoding = 4; lastKnownFileType = sourcecode.swift; path = "NSNotification+Extensions.swift"; sourceTree = "<group>"; };
		9197CDDC26CFBA590037B7BA /* String+Extensions.swift */ = {isa = PBXFileReference; fileEncoding = 4; lastKnownFileType = sourcecode.swift; path = "String+Extensions.swift"; sourceTree = "<group>"; };
		9197CDDD26CFBA590037B7BA /* UITextView+Extensions.swift */ = {isa = PBXFileReference; fileEncoding = 4; lastKnownFileType = sourcecode.swift; path = "UITextView+Extensions.swift"; sourceTree = "<group>"; };
		9197CDDE26CFBA590037B7BA /* NSMutableAttributedString+Extensions.swift */ = {isa = PBXFileReference; fileEncoding = 4; lastKnownFileType = sourcecode.swift; path = "NSMutableAttributedString+Extensions.swift"; sourceTree = "<group>"; };
		9197CDDF26CFBA590037B7BA /* UIView+AutoLayout.swift */ = {isa = PBXFileReference; fileEncoding = 4; lastKnownFileType = sourcecode.swift; path = "UIView+AutoLayout.swift"; sourceTree = "<group>"; };
		9197CDE026CFBA590037B7BA /* InputBarAccessoryView.swift */ = {isa = PBXFileReference; fileEncoding = 4; lastKnownFileType = sourcecode.swift; path = InputBarAccessoryView.swift; sourceTree = "<group>"; };
		9197CDE226CFBA590037B7BA /* InputBarButtonItem.swift */ = {isa = PBXFileReference; fileEncoding = 4; lastKnownFileType = sourcecode.swift; path = InputBarButtonItem.swift; sourceTree = "<group>"; };
		9197CDE326CFBA590037B7BA /* InputBarSendButton.swift */ = {isa = PBXFileReference; fileEncoding = 4; lastKnownFileType = sourcecode.swift; path = InputBarSendButton.swift; sourceTree = "<group>"; };
		9197CDE526CFBA590037B7BA /* InputBarViewController.swift */ = {isa = PBXFileReference; fileEncoding = 4; lastKnownFileType = sourcecode.swift; path = InputBarViewController.swift; sourceTree = "<group>"; };
		9197CDE726CFBA590037B7BA /* InputBarAccessoryView+Availability.swift */ = {isa = PBXFileReference; fileEncoding = 4; lastKnownFileType = sourcecode.swift; path = "InputBarAccessoryView+Availability.swift"; sourceTree = "<group>"; };
		9197CDE926CFBA590037B7BA /* InputStackView.swift */ = {isa = PBXFileReference; fileEncoding = 4; lastKnownFileType = sourcecode.swift; path = InputStackView.swift; sourceTree = "<group>"; };
		9197CDEA26CFBA590037B7BA /* InputTextView.swift */ = {isa = PBXFileReference; fileEncoding = 4; lastKnownFileType = sourcecode.swift; path = InputTextView.swift; sourceTree = "<group>"; };
		9197CDEB26CFBA590037B7BA /* SeparatorLine.swift */ = {isa = PBXFileReference; fileEncoding = 4; lastKnownFileType = sourcecode.swift; path = SeparatorLine.swift; sourceTree = "<group>"; };
		9197CDED26CFBA590037B7BA /* InputPlugin.swift */ = {isa = PBXFileReference; fileEncoding = 4; lastKnownFileType = sourcecode.swift; path = InputPlugin.swift; sourceTree = "<group>"; };
		9197CDEE26CFBA590037B7BA /* InputBarAccessoryViewDelegate.swift */ = {isa = PBXFileReference; fileEncoding = 4; lastKnownFileType = sourcecode.swift; path = InputBarAccessoryViewDelegate.swift; sourceTree = "<group>"; };
		9197CDEF26CFBA590037B7BA /* InputItem.swift */ = {isa = PBXFileReference; fileEncoding = 4; lastKnownFileType = sourcecode.swift; path = InputItem.swift; sourceTree = "<group>"; };
		9197CE1526CFBC3C0037B7BA /* PhotoCell.swift */ = {isa = PBXFileReference; fileEncoding = 4; lastKnownFileType = sourcecode.swift; path = PhotoCell.swift; sourceTree = "<group>"; };
		9197CE1626CFBC3C0037B7BA /* InboxCell.swift */ = {isa = PBXFileReference; fileEncoding = 4; lastKnownFileType = sourcecode.swift; path = InboxCell.swift; sourceTree = "<group>"; };
		9197CE1726CFBC3C0037B7BA /* SlackInputBar.swift */ = {isa = PBXFileReference; fileEncoding = 4; lastKnownFileType = sourcecode.swift; path = SlackInputBar.swift; sourceTree = "<group>"; };
		9197CE1826CFBC3C0037B7BA /* TableDragAndDropDelegate.swift */ = {isa = PBXFileReference; fileEncoding = 4; lastKnownFileType = sourcecode.swift; path = TableDragAndDropDelegate.swift; sourceTree = "<group>"; };
		9197CE1A26CFBC3C0037B7BA /* FacebookInputBar.swift */ = {isa = PBXFileReference; fileEncoding = 4; lastKnownFileType = sourcecode.swift; path = FacebookInputBar.swift; sourceTree = "<group>"; };
		9197CE1B26CFBC3C0037B7BA /* InputBarStyle.swift */ = {isa = PBXFileReference; fileEncoding = 4; lastKnownFileType = sourcecode.swift; path = InputBarStyle.swift; sourceTree = "<group>"; };
		9197CE1C26CFBC3C0037B7BA /* NoTextViewInputBar.swift */ = {isa = PBXFileReference; fileEncoding = 4; lastKnownFileType = sourcecode.swift; path = NoTextViewInputBar.swift; sourceTree = "<group>"; };
		9197CE1D26CFBC3C0037B7BA /* iMessageInputBar.swift */ = {isa = PBXFileReference; fileEncoding = 4; lastKnownFileType = sourcecode.swift; path = iMessageInputBar.swift; sourceTree = "<group>"; };
		9197CE2826CFBCEA0037B7BA /* Bundle+Helpers.swift */ = {isa = PBXFileReference; fileEncoding = 4; lastKnownFileType = sourcecode.swift; path = "Bundle+Helpers.swift"; sourceTree = "<group>"; };
		9197CE2926CFBCEA0037B7BA /* FDTakeController.swift */ = {isa = PBXFileReference; fileEncoding = 4; lastKnownFileType = sourcecode.swift; path = FDTakeController.swift; sourceTree = "<group>"; };
		9197CE2A26CFBCEA0037B7BA /* FDTakeControllerLocalizableStrings.swift */ = {isa = PBXFileReference; fileEncoding = 4; lastKnownFileType = sourcecode.swift; path = FDTakeControllerLocalizableStrings.swift; sourceTree = "<group>"; };
		9197CE2E26CFF72B0037B7BA /* UIColor+Branding.swift */ = {isa = PBXFileReference; lastKnownFileType = sourcecode.swift; path = "UIColor+Branding.swift"; sourceTree = "<group>"; };
		9197CE3326D00CA40037B7BA /* TextMessageCell.swift */ = {isa = PBXFileReference; lastKnownFileType = sourcecode.swift; path = TextMessageCell.swift; sourceTree = "<group>"; };
		9197CE3526D00FAF0037B7BA /* TextMessageCell.xib */ = {isa = PBXFileReference; lastKnownFileType = file.xib; path = TextMessageCell.xib; sourceTree = "<group>"; };
		91DBE98626F4DCB50086338C /* SMTestFormView.swift */ = {isa = PBXFileReference; lastKnownFileType = sourcecode.swift; path = SMTestFormView.swift; sourceTree = "<group>"; };
		91DBE98B26F8B83C0086338C /* SMDemoRemoteControlNativeFormViewController.swift */ = {isa = PBXFileReference; lastKnownFileType = sourcecode.swift; path = SMDemoRemoteControlNativeFormViewController.swift; sourceTree = "<group>"; };
		91DBE98E26F8C7540086338C /* SMDemoRemoteControlTextFieldCell.swift */ = {isa = PBXFileReference; lastKnownFileType = sourcecode.swift; path = SMDemoRemoteControlTextFieldCell.swift; sourceTree = "<group>"; };
		91DBE99026F8C7630086338C /* SMDemoRemoteControlTextViewCell.swift */ = {isa = PBXFileReference; lastKnownFileType = sourcecode.swift; path = SMDemoRemoteControlTextViewCell.swift; sourceTree = "<group>"; };
		91DBE99226F8C7790086338C /* SMDemoRemoteControlButtonCell.swift */ = {isa = PBXFileReference; lastKnownFileType = sourcecode.swift; path = SMDemoRemoteControlButtonCell.swift; sourceTree = "<group>"; };
		91DBE99426FB524C0086338C /* SMDemoRemoteControlFillerCell.swift */ = {isa = PBXFileReference; lastKnownFileType = sourcecode.swift; path = SMDemoRemoteControlFillerCell.swift; sourceTree = "<group>"; };
		91DBE99626FB756C0086338C /* SMDemoRemoteControlSwitchCell.swift */ = {isa = PBXFileReference; lastKnownFileType = sourcecode.swift; path = SMDemoRemoteControlSwitchCell.swift; sourceTree = "<group>"; };
		A935758F267A540000680134 /* SMFloatingVideoView.swift */ = {isa = PBXFileReference; fileEncoding = 4; lastKnownFileType = sourcecode.swift; path = SMFloatingVideoView.swift; sourceTree = "<group>"; };
		A946497225F7CE9500FDB22C /* MainViewController.swift */ = {isa = PBXFileReference; lastKnownFileType = sourcecode.swift; path = MainViewController.swift; sourceTree = "<group>"; };
		A946497925F8C64100FDB22C /* SMUserInterface.swift */ = {isa = PBXFileReference; lastKnownFileType = sourcecode.swift; path = SMUserInterface.swift; sourceTree = "<group>"; };
		A946497B25F8E06D00FDB22C /* SMOptionViewController.swift */ = {isa = PBXFileReference; lastKnownFileType = sourcecode.swift; path = SMOptionViewController.swift; sourceTree = "<group>"; };
		A946497D25F8EFD700FDB22C /* SMParticipantsTableViewCell.swift */ = {isa = PBXFileReference; lastKnownFileType = sourcecode.swift; path = SMParticipantsTableViewCell.swift; sourceTree = "<group>"; };
		A946497F25F919AC00FDB22C /* SMSmallVideoView.swift */ = {isa = PBXFileReference; lastKnownFileType = sourcecode.swift; path = SMSmallVideoView.swift; sourceTree = "<group>"; };
		A946498625FA3ACB00FDB22C /* SMMainVideoView.swift */ = {isa = PBXFileReference; lastKnownFileType = sourcecode.swift; path = SMMainVideoView.swift; sourceTree = "<group>"; };
		A946498925FA529100FDB22C /* SMRemoteVideosView.swift */ = {isa = PBXFileReference; lastKnownFileType = sourcecode.swift; path = SMRemoteVideosView.swift; sourceTree = "<group>"; };
		A946498B25FA547F00FDB22C /* SMRemoteVideoTableViewCell.swift */ = {isa = PBXFileReference; lastKnownFileType = sourcecode.swift; path = SMRemoteVideoTableViewCell.swift; sourceTree = "<group>"; };
		A946498D25FA5EC400FDB22C /* WebViewController.swift */ = {isa = PBXFileReference; lastKnownFileType = sourcecode.swift; path = WebViewController.swift; sourceTree = "<group>"; };
		A95BFBED25F7C4E900432305 /* SMMainViewController.swift */ = {isa = PBXFileReference; lastKnownFileType = sourcecode.swift; path = SMMainViewController.swift; sourceTree = "<group>"; };
		A95BFBF025F7C53F00432305 /* SMControlButton.swift */ = {isa = PBXFileReference; lastKnownFileType = sourcecode.swift; path = SMControlButton.swift; sourceTree = "<group>"; };
		A95BFBF225F7C55000432305 /* SMControlBar.swift */ = {isa = PBXFileReference; lastKnownFileType = sourcecode.swift; path = SMControlBar.swift; sourceTree = "<group>"; };
		A95BFBF525F7C5A300432305 /* sm_logo.png */ = {isa = PBXFileReference; lastKnownFileType = image.png; path = sm_logo.png; sourceTree = "<group>"; };
		A95BFC0825F7C96A00432305 /* stars.gif */ = {isa = PBXFileReference; lastKnownFileType = image.gif; path = stars.gif; sourceTree = "<group>"; };
		F57D6F3DE8F95A515928F9F0 /* Pods_ScreenMeet.framework */ = {isa = PBXFileReference; explicitFileType = wrapper.framework; includeInIndex = 0; path = Pods_ScreenMeet.framework; sourceTree = BUILT_PRODUCTS_DIR; };
/* End PBXFileReference section */

/* Begin PBXFrameworksBuildPhase section */
		047F36D4266152210036CA54 /* Frameworks */ = {
			isa = PBXFrameworksBuildPhase;
			buildActionMask = 2147483647;
			files = (
				20763F264906CF27021B177C /* Pods_ScreenMeetTests.framework in Frameworks */,
			);
			runOnlyForDeploymentPostprocessing = 0;
		};
		04CC0AD925AC6A6500B8C4E2 /* Frameworks */ = {
			isa = PBXFrameworksBuildPhase;
			buildActionMask = 2147483647;
			files = (
				049C222E26236CC200C999CB /* WebKit.framework in Frameworks */,
				A3AEC24E0588CAEFB800D9FF /* Pods_ScreenMeet.framework in Frameworks */,
			);
			runOnlyForDeploymentPostprocessing = 0;
		};
/* End PBXFrameworksBuildPhase section */

/* Begin PBXGroup section */
		0463B25225E3BD2600734DAD /* Gif */ = {
			isa = PBXGroup;
			children = (
				918655A6266FCC36008AC955 /* mushrooms.gif */,
				A95BFC0825F7C96A00432305 /* stars.gif */,
				0463B25525E3BD4800734DAD /* UIImage+Gif.swift */,
			);
			path = Gif;
			sourceTree = "<group>";
		};
		047F36D8266152210036CA54 /* ScreenMeetTests */ = {
			isa = PBXGroup;
			children = (
				047F36D9266152210036CA54 /* ScreenMeetTests.swift */,
				047F36DB266152210036CA54 /* Info.plist */,
			);
			path = ScreenMeetTests;
			sourceTree = "<group>";
		};
		04CC0AD325AC6A6500B8C4E2 = {
			isa = PBXGroup;
			children = (
				04CC0ADE25AC6A6500B8C4E2 /* ScreenMeet */,
				047F36D8266152210036CA54 /* ScreenMeetTests */,
				04CC0ADD25AC6A6500B8C4E2 /* Products */,
				E27F251FE7E1E1B7230C7D30 /* Pods */,
				614114E2C60DDD81C04F5864 /* Frameworks */,
			);
			sourceTree = "<group>";
		};
		04CC0ADD25AC6A6500B8C4E2 /* Products */ = {
			isa = PBXGroup;
			children = (
				04CC0ADC25AC6A6500B8C4E2 /* ScreenMeet.app */,
				047F36D7266152210036CA54 /* ScreenMeetTests.xctest */,
			);
			name = Products;
			sourceTree = "<group>";
		};
		04CC0ADE25AC6A6500B8C4E2 /* ScreenMeet */ = {
			isa = PBXGroup;
			children = (
				A95BFBEC25F7C4CC00432305 /* ScreenMeetUI */,
				0463B25225E3BD2600734DAD /* Gif */,
				04CC0ADF25AC6A6500B8C4E2 /* AppDelegate.swift */,
				04CC0AE125AC6A6500B8C4E2 /* SceneDelegate.swift */,
				A946497225F7CE9500FDB22C /* MainViewController.swift */,
				A946498D25FA5EC400FDB22C /* WebViewController.swift */,
				049C222B26236C9300C999CB /* CaptchaViewController.swift */,
				04CC0AE525AC6A6500B8C4E2 /* Main.storyboard */,
				04CC0AE825AC6A6900B8C4E2 /* Assets.xcassets */,
				04CC0AEA25AC6A6900B8C4E2 /* LaunchScreen.storyboard */,
				04CC0AED25AC6A6900B8C4E2 /* Info.plist */,
				04553E5925AF9B1D00159844 /* ScreenMeet-Bridging-Header.h */,
			);
			path = ScreenMeet;
			sourceTree = "<group>";
		};
		614114E2C60DDD81C04F5864 /* Frameworks */ = {
			isa = PBXGroup;
			children = (
				049C222D26236CC200C999CB /* WebKit.framework */,
				F57D6F3DE8F95A515928F9F0 /* Pods_ScreenMeet.framework */,
				86C98A68467DC54BAECFEB76 /* Pods_ScreenMeetTests.framework */,
			);
			name = Frameworks;
			sourceTree = "<group>";
		};
		91865561266FBC96008AC955 /* ThirdParty */ = {
			isa = PBXGroup;
			children = (
				9197CE2726CFBCEA0037B7BA /* TakePictureViewController */,
				9197CDBC26CFBA590037B7BA /* InputAccessoryView */,
				91865566266FBCC3008AC955 /* CGRectExtension.swift */,
				91865565266FBCC3008AC955 /* CustomTransitionViewController.swift */,
				91865563266FBCC3008AC955 /* FadeTransition.swift */,
				91865562266FBCC3008AC955 /* SpinerLayer.swift */,
				91865564266FBCC3008AC955 /* TransitionButton.swift */,
				918655A3266FC86B008AC955 /* UnderLineTextField.swift */,
				9197CE2E26CFF72B0037B7BA /* UIColor+Branding.swift */,
			);
			path = ThirdParty;
			sourceTree = "<group>";
		};
		9197CDBC26CFBA590037B7BA /* InputAccessoryView */ = {
			isa = PBXGroup;
			children = (
				9197CE1326CFBC3C0037B7BA /* Styles */,
				9197CDBD26CFBA590037B7BA /* Plugins */,
				9197CDD326CFBA590037B7BA /* KeyboardManager */,
				9197CDD726CFBA590037B7BA /* Models */,
				9197CDDA26CFBA590037B7BA /* Extensions */,
				9197CDE026CFBA590037B7BA /* InputBarAccessoryView.swift */,
				9197CDE126CFBA590037B7BA /* Controls */,
				9197CDE426CFBA590037B7BA /* ViewControllers */,
				9197CDE626CFBA590037B7BA /* Supporting */,
				9197CDE826CFBA590037B7BA /* Views */,
				9197CDEC26CFBA590037B7BA /* Protocols */,
			);
			path = InputAccessoryView;
			sourceTree = "<group>";
		};
		9197CDBD26CFBA590037B7BA /* Plugins */ = {
			isa = PBXGroup;
			children = (
				9197CDBE26CFBA590037B7BA /* AttachmentManager */,
				9197CDC826CFBA590037B7BA /* AutocompleteManager */,
			);
			path = Plugins;
			sourceTree = "<group>";
		};
		9197CDBE26CFBA590037B7BA /* AttachmentManager */ = {
			isa = PBXGroup;
			children = (
				9197CDBF26CFBA590037B7BA /* AttachmentManager.swift */,
				9197CDC026CFBA590037B7BA /* Views */,
				9197CDC526CFBA590037B7BA /* Protocols */,
			);
			path = AttachmentManager;
			sourceTree = "<group>";
		};
		9197CDC026CFBA590037B7BA /* Views */ = {
			isa = PBXGroup;
			children = (
				9197CDC126CFBA590037B7BA /* ImageAttachmentCell.swift */,
				9197CDC326CFBA590037B7BA /* AttachmentCell.swift */,
				9197CDC426CFBA590037B7BA /* AttachmentsView.swift */,
			);
			path = Views;
			sourceTree = "<group>";
		};
		9197CDC526CFBA590037B7BA /* Protocols */ = {
			isa = PBXGroup;
			children = (
				9197CDC626CFBA590037B7BA /* AttachmentManagerDataSource.swift */,
				9197CDC726CFBA590037B7BA /* AttachmentManagerDelegate.swift */,
			);
			path = Protocols;
			sourceTree = "<group>";
		};
		9197CDC826CFBA590037B7BA /* AutocompleteManager */ = {
			isa = PBXGroup;
			children = (
				9197CDC926CFBA590037B7BA /* AutocompleteManager.swift */,
				9197CDCA26CFBA590037B7BA /* Models */,
				9197CDCD26CFBA590037B7BA /* Views */,
				9197CDD026CFBA590037B7BA /* Protocols */,
			);
			path = AutocompleteManager;
			sourceTree = "<group>";
		};
		9197CDCA26CFBA590037B7BA /* Models */ = {
			isa = PBXGroup;
			children = (
				9197CDCB26CFBA590037B7BA /* AutocompleteSession.swift */,
				9197CDCC26CFBA590037B7BA /* AutocompleteCompletion.swift */,
			);
			path = Models;
			sourceTree = "<group>";
		};
		9197CDCD26CFBA590037B7BA /* Views */ = {
			isa = PBXGroup;
			children = (
				9197CDCE26CFBA590037B7BA /* AutocompleteTableView.swift */,
				9197CDCF26CFBA590037B7BA /* AutocompleteCell.swift */,
			);
			path = Views;
			sourceTree = "<group>";
		};
		9197CDD026CFBA590037B7BA /* Protocols */ = {
			isa = PBXGroup;
			children = (
				9197CDD126CFBA590037B7BA /* AutocompleteManagerDelegate.swift */,
				9197CDD226CFBA590037B7BA /* AutocompleteManagerDataSource.swift */,
			);
			path = Protocols;
			sourceTree = "<group>";
		};
		9197CDD326CFBA590037B7BA /* KeyboardManager */ = {
			isa = PBXGroup;
			children = (
				9197CDD426CFBA590037B7BA /* KeyboardManager.swift */,
				9197CDD526CFBA590037B7BA /* KeyboardNotification.swift */,
				9197CDD626CFBA590037B7BA /* KeyboardEvent.swift */,
			);
			path = KeyboardManager;
			sourceTree = "<group>";
		};
		9197CDD726CFBA590037B7BA /* Models */ = {
			isa = PBXGroup;
			children = (
				9197CDD826CFBA590037B7BA /* HorizontalEdgePadding.swift */,
				9197CDD926CFBA590037B7BA /* NSConstraintLayoutSet.swift */,
			);
			path = Models;
			sourceTree = "<group>";
		};
		9197CDDA26CFBA590037B7BA /* Extensions */ = {
			isa = PBXGroup;
			children = (
				9197CDDB26CFBA590037B7BA /* NSNotification+Extensions.swift */,
				9197CDDC26CFBA590037B7BA /* String+Extensions.swift */,
				9197CDDD26CFBA590037B7BA /* UITextView+Extensions.swift */,
				9197CDDE26CFBA590037B7BA /* NSMutableAttributedString+Extensions.swift */,
				9197CDDF26CFBA590037B7BA /* UIView+AutoLayout.swift */,
			);
			path = Extensions;
			sourceTree = "<group>";
		};
		9197CDE126CFBA590037B7BA /* Controls */ = {
			isa = PBXGroup;
			children = (
				9197CDE226CFBA590037B7BA /* InputBarButtonItem.swift */,
				9197CDE326CFBA590037B7BA /* InputBarSendButton.swift */,
			);
			path = Controls;
			sourceTree = "<group>";
		};
		9197CDE426CFBA590037B7BA /* ViewControllers */ = {
			isa = PBXGroup;
			children = (
				9197CDE526CFBA590037B7BA /* InputBarViewController.swift */,
			);
			path = ViewControllers;
			sourceTree = "<group>";
		};
		9197CDE626CFBA590037B7BA /* Supporting */ = {
			isa = PBXGroup;
			children = (
				9197CDE726CFBA590037B7BA /* InputBarAccessoryView+Availability.swift */,
			);
			path = Supporting;
			sourceTree = "<group>";
		};
		9197CDE826CFBA590037B7BA /* Views */ = {
			isa = PBXGroup;
			children = (
				9197CDE926CFBA590037B7BA /* InputStackView.swift */,
				9197CDEA26CFBA590037B7BA /* InputTextView.swift */,
				9197CDEB26CFBA590037B7BA /* SeparatorLine.swift */,
			);
			path = Views;
			sourceTree = "<group>";
		};
		9197CDEC26CFBA590037B7BA /* Protocols */ = {
			isa = PBXGroup;
			children = (
				9197CDED26CFBA590037B7BA /* InputPlugin.swift */,
				9197CDEE26CFBA590037B7BA /* InputBarAccessoryViewDelegate.swift */,
				9197CDEF26CFBA590037B7BA /* InputItem.swift */,
			);
			path = Protocols;
			sourceTree = "<group>";
		};
		9197CE1326CFBC3C0037B7BA /* Styles */ = {
			isa = PBXGroup;
			children = (
				9197CE1426CFBC3C0037B7BA /* Cells */,
				9197CE1726CFBC3C0037B7BA /* SlackInputBar.swift */,
				9197CE1826CFBC3C0037B7BA /* TableDragAndDropDelegate.swift */,
				9197CE1A26CFBC3C0037B7BA /* FacebookInputBar.swift */,
				9197CE1B26CFBC3C0037B7BA /* InputBarStyle.swift */,
				9197CE1C26CFBC3C0037B7BA /* NoTextViewInputBar.swift */,
				9197CE1D26CFBC3C0037B7BA /* iMessageInputBar.swift */,
			);
			path = Styles;
			sourceTree = "<group>";
		};
		9197CE1426CFBC3C0037B7BA /* Cells */ = {
			isa = PBXGroup;
			children = (
				9197CE1526CFBC3C0037B7BA /* PhotoCell.swift */,
				9197CE1626CFBC3C0037B7BA /* InboxCell.swift */,
			);
			path = Cells;
			sourceTree = "<group>";
		};
		9197CE2726CFBCEA0037B7BA /* TakePictureViewController */ = {
			isa = PBXGroup;
			children = (
				9197CE2826CFBCEA0037B7BA /* Bundle+Helpers.swift */,
				9197CE2926CFBCEA0037B7BA /* FDTakeController.swift */,
				9197CE2A26CFBCEA0037B7BA /* FDTakeControllerLocalizableStrings.swift */,
			);
			path = TakePictureViewController;
			sourceTree = "<group>";
		};
		9197CE3026D00BA30037B7BA /* Chat */ = {
			isa = PBXGroup;
			children = (
				9197CE3526D00FAF0037B7BA /* TextMessageCell.xib */,
				9197CE3326D00CA40037B7BA /* TextMessageCell.swift */,
			);
			path = Chat;
			sourceTree = "<group>";
		};
		91DBE98A26F8B7E60086338C /* RemoteControlDemo */ = {
			isa = PBXGroup;
			children = (
				91DBE98D26F8C7290086338C /* Cells */,
				91DBE98B26F8B83C0086338C /* SMDemoRemoteControlNativeFormViewController.swift */,
				911A32C72768F52200C89F0B /* SMDemoRemoteControlWebViewController.swift */,
				912E4AAD27721EB800A46A8D /* SMDemoRemoteControlTabbarViewController.swift */,
			);
			path = RemoteControlDemo;
			sourceTree = "<group>";
		};
		91DBE98D26F8C7290086338C /* Cells */ = {
			isa = PBXGroup;
			children = (
				91DBE98E26F8C7540086338C /* SMDemoRemoteControlTextFieldCell.swift */,
				91DBE99026F8C7630086338C /* SMDemoRemoteControlTextViewCell.swift */,
				91DBE99226F8C7790086338C /* SMDemoRemoteControlButtonCell.swift */,
				91DBE99426FB524C0086338C /* SMDemoRemoteControlFillerCell.swift */,
				91DBE99626FB756C0086338C /* SMDemoRemoteControlSwitchCell.swift */,
				912E4AAB276A870300A46A8D /* SMDemoRemoteControlSegmentCell.swift */,
			);
			path = Cells;
			sourceTree = "<group>";
		};
		A946498825FA4AFD00FDB22C /* Managers */ = {
			isa = PBXGroup;
			children = (
				A946497925F8C64100FDB22C /* SMUserInterface.swift */,
			);
			path = Managers;
			sourceTree = "<group>";
		};
		A95BFBEC25F7C4CC00432305 /* ScreenMeetUI */ = {
			isa = PBXGroup;
			children = (
				A95BFBF425F7C56F00432305 /* Assets */,
				A95BFBEF25F7C52900432305 /* Components */,
				A946498825FA4AFD00FDB22C /* Managers */,
				A95BFBED25F7C4E900432305 /* SMMainViewController.swift */,
				A946497B25F8E06D00FDB22C /* SMOptionViewController.swift */,
			);
			path = ScreenMeetUI;
			sourceTree = "<group>";
		};
		A95BFBEF25F7C52900432305 /* Components */ = {
			isa = PBXGroup;
			children = (
				91DBE98A26F8B7E60086338C /* RemoteControlDemo */,
				9197CE3026D00BA30037B7BA /* Chat */,
				91865561266FBC96008AC955 /* ThirdParty */,
				A95BFBF225F7C55000432305 /* SMControlBar.swift */,
				A95BFBF025F7C53F00432305 /* SMControlButton.swift */,
				A946497D25F8EFD700FDB22C /* SMParticipantsTableViewCell.swift */,
				A946498B25FA547F00FDB22C /* SMRemoteVideoTableViewCell.swift */,
				A946497F25F919AC00FDB22C /* SMSmallVideoView.swift */,
				A946498625FA3ACB00FDB22C /* SMMainVideoView.swift */,
				A946498925FA529100FDB22C /* SMRemoteVideosView.swift */,
				A935758F267A540000680134 /* SMFloatingVideoView.swift */,
				9197CDA526CFB58C0037B7BA /* SMChatBubbleView.swift */,
				9197CDA726CFB8DD0037B7BA /* SMChatMessagesView.swift */,
				91DBE98626F4DCB50086338C /* SMTestFormView.swift */,
			);
			path = Components;
			sourceTree = "<group>";
		};
		A95BFBF425F7C56F00432305 /* Assets */ = {
			isa = PBXGroup;
			children = (
				A95BFBF525F7C5A300432305 /* sm_logo.png */,
			);
			path = Assets;
			sourceTree = "<group>";
		};
		E27F251FE7E1E1B7230C7D30 /* Pods */ = {
			isa = PBXGroup;
			children = (
				608E0CA996BC6302C9735526 /* Pods-ScreenMeet.debug.xcconfig */,
				148E30CA7C218518B7C57077 /* Pods-ScreenMeet.release.xcconfig */,
				47A14B1D7CEB36205A4BA5CD /* Pods-ScreenMeetTests.debug.xcconfig */,
				77709DFECD64545BD377F7B2 /* Pods-ScreenMeetTests.release.xcconfig */,
			);
			path = Pods;
			sourceTree = "<group>";
		};
/* End PBXGroup section */

/* Begin PBXNativeTarget section */
		047F36D6266152210036CA54 /* ScreenMeetTests */ = {
			isa = PBXNativeTarget;
			buildConfigurationList = 047F36E0266152210036CA54 /* Build configuration list for PBXNativeTarget "ScreenMeetTests" */;
			buildPhases = (
				41251BC16B7458C0788365A5 /* [CP] Check Pods Manifest.lock */,
				047F36D3266152210036CA54 /* Sources */,
				047F36D4266152210036CA54 /* Frameworks */,
				047F36D5266152210036CA54 /* Resources */,
				2F095C6265BBBAC91A0ADD89 /* [CP] Embed Pods Frameworks */,
			);
			buildRules = (
			);
			dependencies = (
				047F36DD266152210036CA54 /* PBXTargetDependency */,
			);
			name = ScreenMeetTests;
			productName = ScreenMeetTests;
			productReference = 047F36D7266152210036CA54 /* ScreenMeetTests.xctest */;
			productType = "com.apple.product-type.bundle.unit-test";
		};
		04CC0ADB25AC6A6500B8C4E2 /* ScreenMeet */ = {
			isa = PBXNativeTarget;
			buildConfigurationList = 04CC0AF025AC6A6900B8C4E2 /* Build configuration list for PBXNativeTarget "ScreenMeet" */;
			buildPhases = (
				6C918A676D6F3912B5DC3988 /* [CP] Check Pods Manifest.lock */,
				04CC0AD825AC6A6500B8C4E2 /* Sources */,
				04CC0AD925AC6A6500B8C4E2 /* Frameworks */,
				04CC0ADA25AC6A6500B8C4E2 /* Resources */,
				BAB5926D728B8298004813E9 /* [CP] Embed Pods Frameworks */,
				045A714125CB0B38004A3E1D /* Embed Frameworks */,
			);
			buildRules = (
			);
			dependencies = (
			);
			name = ScreenMeet;
			productName = ScreenMeet;
			productReference = 04CC0ADC25AC6A6500B8C4E2 /* ScreenMeet.app */;
			productType = "com.apple.product-type.application";
		};
/* End PBXNativeTarget section */

/* Begin PBXProject section */
		04CC0AD425AC6A6500B8C4E2 /* Project object */ = {
			isa = PBXProject;
			attributes = {
				LastSwiftUpdateCheck = 1230;
				LastUpgradeCheck = 1240;
				TargetAttributes = {
					047F36D6266152210036CA54 = {
						CreatedOnToolsVersion = 12.3;
						TestTargetID = 04CC0ADB25AC6A6500B8C4E2;
					};
					04CC0ADB25AC6A6500B8C4E2 = {
						CreatedOnToolsVersion = 12.2;
						LastSwiftMigration = 1220;
					};
				};
			};
			buildConfigurationList = 04CC0AD725AC6A6500B8C4E2 /* Build configuration list for PBXProject "ScreenMeet" */;
			compatibilityVersion = "Xcode 9.3";
			developmentRegion = en;
			hasScannedForEncodings = 0;
			knownRegions = (
				en,
				Base,
			);
			mainGroup = 04CC0AD325AC6A6500B8C4E2;
			productRefGroup = 04CC0ADD25AC6A6500B8C4E2 /* Products */;
			projectDirPath = "";
			projectRoot = "";
			targets = (
				04CC0ADB25AC6A6500B8C4E2 /* ScreenMeet */,
				047F36D6266152210036CA54 /* ScreenMeetTests */,
			);
		};
/* End PBXProject section */

/* Begin PBXResourcesBuildPhase section */
		047F36D5266152210036CA54 /* Resources */ = {
			isa = PBXResourcesBuildPhase;
			buildActionMask = 2147483647;
			files = (
			);
			runOnlyForDeploymentPostprocessing = 0;
		};
		04CC0ADA25AC6A6500B8C4E2 /* Resources */ = {
			isa = PBXResourcesBuildPhase;
			buildActionMask = 2147483647;
			files = (
				04CC0AEC25AC6A6900B8C4E2 /* LaunchScreen.storyboard in Resources */,
				04CC0AE925AC6A6900B8C4E2 /* Assets.xcassets in Resources */,
				A95BFBF625F7C5A300432305 /* sm_logo.png in Resources */,
				04CC0AE725AC6A6500B8C4E2 /* Main.storyboard in Resources */,
				9197CE3626D00FAF0037B7BA /* TextMessageCell.xib in Resources */,
				A95BFC0A25F7C96A00432305 /* stars.gif in Resources */,
				918655A7266FCC36008AC955 /* mushrooms.gif in Resources */,
			);
			runOnlyForDeploymentPostprocessing = 0;
		};
/* End PBXResourcesBuildPhase section */

/* Begin PBXShellScriptBuildPhase section */
		2F095C6265BBBAC91A0ADD89 /* [CP] Embed Pods Frameworks */ = {
			isa = PBXShellScriptBuildPhase;
			buildActionMask = 2147483647;
			files = (
			);
			inputFileListPaths = (
				"${PODS_ROOT}/Target Support Files/Pods-ScreenMeetTests/Pods-ScreenMeetTests-frameworks-${CONFIGURATION}-input-files.xcfilelist",
			);
			name = "[CP] Embed Pods Frameworks";
			outputFileListPaths = (
				"${PODS_ROOT}/Target Support Files/Pods-ScreenMeetTests/Pods-ScreenMeetTests-frameworks-${CONFIGURATION}-output-files.xcfilelist",
			);
			runOnlyForDeploymentPostprocessing = 0;
			shellPath = /bin/sh;
			shellScript = "\"${PODS_ROOT}/Target Support Files/Pods-ScreenMeetTests/Pods-ScreenMeetTests-frameworks.sh\"\n";
			showEnvVarsInLog = 0;
		};
		41251BC16B7458C0788365A5 /* [CP] Check Pods Manifest.lock */ = {
			isa = PBXShellScriptBuildPhase;
			buildActionMask = 2147483647;
			files = (
			);
			inputFileListPaths = (
			);
			inputPaths = (
				"${PODS_PODFILE_DIR_PATH}/Podfile.lock",
				"${PODS_ROOT}/Manifest.lock",
			);
			name = "[CP] Check Pods Manifest.lock";
			outputFileListPaths = (
			);
			outputPaths = (
				"$(DERIVED_FILE_DIR)/Pods-ScreenMeetTests-checkManifestLockResult.txt",
			);
			runOnlyForDeploymentPostprocessing = 0;
			shellPath = /bin/sh;
			shellScript = "diff \"${PODS_PODFILE_DIR_PATH}/Podfile.lock\" \"${PODS_ROOT}/Manifest.lock\" > /dev/null\nif [ $? != 0 ] ; then\n    # print error to STDERR\n    echo \"error: The sandbox is not in sync with the Podfile.lock. Run 'pod install' or update your CocoaPods installation.\" >&2\n    exit 1\nfi\n# This output is used by Xcode 'outputs' to avoid re-running this script phase.\necho \"SUCCESS\" > \"${SCRIPT_OUTPUT_FILE_0}\"\n";
			showEnvVarsInLog = 0;
		};
		6C918A676D6F3912B5DC3988 /* [CP] Check Pods Manifest.lock */ = {
			isa = PBXShellScriptBuildPhase;
			buildActionMask = 2147483647;
			files = (
			);
			inputFileListPaths = (
			);
			inputPaths = (
				"${PODS_PODFILE_DIR_PATH}/Podfile.lock",
				"${PODS_ROOT}/Manifest.lock",
			);
			name = "[CP] Check Pods Manifest.lock";
			outputFileListPaths = (
			);
			outputPaths = (
				"$(DERIVED_FILE_DIR)/Pods-ScreenMeet-checkManifestLockResult.txt",
			);
			runOnlyForDeploymentPostprocessing = 0;
			shellPath = /bin/sh;
			shellScript = "diff \"${PODS_PODFILE_DIR_PATH}/Podfile.lock\" \"${PODS_ROOT}/Manifest.lock\" > /dev/null\nif [ $? != 0 ] ; then\n    # print error to STDERR\n    echo \"error: The sandbox is not in sync with the Podfile.lock. Run 'pod install' or update your CocoaPods installation.\" >&2\n    exit 1\nfi\n# This output is used by Xcode 'outputs' to avoid re-running this script phase.\necho \"SUCCESS\" > \"${SCRIPT_OUTPUT_FILE_0}\"\n";
			showEnvVarsInLog = 0;
		};
		BAB5926D728B8298004813E9 /* [CP] Embed Pods Frameworks */ = {
			isa = PBXShellScriptBuildPhase;
			buildActionMask = 2147483647;
			files = (
			);
			inputFileListPaths = (
				"${PODS_ROOT}/Target Support Files/Pods-ScreenMeet/Pods-ScreenMeet-frameworks-${CONFIGURATION}-input-files.xcfilelist",
			);
			name = "[CP] Embed Pods Frameworks";
			outputFileListPaths = (
				"${PODS_ROOT}/Target Support Files/Pods-ScreenMeet/Pods-ScreenMeet-frameworks-${CONFIGURATION}-output-files.xcfilelist",
			);
			runOnlyForDeploymentPostprocessing = 0;
			shellPath = /bin/sh;
			shellScript = "\"${PODS_ROOT}/Target Support Files/Pods-ScreenMeet/Pods-ScreenMeet-frameworks.sh\"\n";
			showEnvVarsInLog = 0;
		};
/* End PBXShellScriptBuildPhase section */

/* Begin PBXSourcesBuildPhase section */
		047F36D3266152210036CA54 /* Sources */ = {
			isa = PBXSourcesBuildPhase;
			buildActionMask = 2147483647;
			files = (
				047F36DA266152210036CA54 /* ScreenMeetTests.swift in Sources */,
			);
			runOnlyForDeploymentPostprocessing = 0;
		};
		04CC0AD825AC6A6500B8C4E2 /* Sources */ = {
			isa = PBXSourcesBuildPhase;
			buildActionMask = 2147483647;
			files = (
				9197CDF726CFBA590037B7BA /* AutocompleteManager.swift in Sources */,
				9197CDA626CFB58C0037B7BA /* SMChatBubbleView.swift in Sources */,
				A95BFBEE25F7C4E900432305 /* SMMainViewController.swift in Sources */,
				9197CDF126CFBA590037B7BA /* ImageAttachmentCell.swift in Sources */,
				9197CE2C26CFBCEA0037B7BA /* FDTakeController.swift in Sources */,
				9197CE2426CFBC3C0037B7BA /* InputBarStyle.swift in Sources */,
				A946498725FA3ACB00FDB22C /* SMMainVideoView.swift in Sources */,
				9197CE1226CFBA590037B7BA /* InputItem.swift in Sources */,
				A95BFBF125F7C53F00432305 /* SMControlButton.swift in Sources */,
				9186556B266FBCC3008AC955 /* CGRectExtension.swift in Sources */,
				9197CE1026CFBA590037B7BA /* InputPlugin.swift in Sources */,
				A946497A25F8C64100FDB22C /* SMUserInterface.swift in Sources */,
				9197CE1126CFBA590037B7BA /* InputBarAccessoryViewDelegate.swift in Sources */,
				9197CE2026CFBC3C0037B7BA /* SlackInputBar.swift in Sources */,
				9186556A266FBCC3008AC955 /* CustomTransitionViewController.swift in Sources */,
				91DBE98726F4DCB50086338C /* SMTestFormView.swift in Sources */,
				9197CE0126CFBA590037B7BA /* HorizontalEdgePadding.swift in Sources */,
				91865567266FBCC3008AC955 /* SpinerLayer.swift in Sources */,
				9197CDFC26CFBA590037B7BA /* AutocompleteManagerDelegate.swift in Sources */,
				9197CDF026CFBA590037B7BA /* AttachmentManager.swift in Sources */,
				9197CE1E26CFBC3C0037B7BA /* PhotoCell.swift in Sources */,
				9197CE2326CFBC3C0037B7BA /* FacebookInputBar.swift in Sources */,
				9197CDFE26CFBA590037B7BA /* KeyboardManager.swift in Sources */,
				9197CE2526CFBC3C0037B7BA /* NoTextViewInputBar.swift in Sources */,
				9197CE0E26CFBA590037B7BA /* InputTextView.swift in Sources */,
				9197CDFD26CFBA590037B7BA /* AutocompleteManagerDataSource.swift in Sources */,
				9197CE2B26CFBCEA0037B7BA /* Bundle+Helpers.swift in Sources */,
				91865569266FBCC3008AC955 /* TransitionButton.swift in Sources */,
				9197CDFF26CFBA590037B7BA /* KeyboardNotification.swift in Sources */,
				918655A4266FC86B008AC955 /* UnderLineTextField.swift in Sources */,
				9197CE0026CFBA590037B7BA /* KeyboardEvent.swift in Sources */,
				91DBE99726FB756C0086338C /* SMDemoRemoteControlSwitchCell.swift in Sources */,
				9197CE1F26CFBC3C0037B7BA /* InboxCell.swift in Sources */,
				A946498025F919AC00FDB22C /* SMSmallVideoView.swift in Sources */,
				9197CE0826CFBA590037B7BA /* InputBarAccessoryView.swift in Sources */,
				9197CDF826CFBA590037B7BA /* AutocompleteSession.swift in Sources */,
				9197CDFA26CFBA590037B7BA /* AutocompleteTableView.swift in Sources */,
				04CC0AE025AC6A6500B8C4E2 /* AppDelegate.swift in Sources */,
				A9357590267A540000680134 /* SMFloatingVideoView.swift in Sources */,
				9197CDF326CFBA590037B7BA /* AttachmentCell.swift in Sources */,
				A946497C25F8E06D00FDB22C /* SMOptionViewController.swift in Sources */,
				9197CE0226CFBA590037B7BA /* NSConstraintLayoutSet.swift in Sources */,
				9197CE0926CFBA590037B7BA /* InputBarButtonItem.swift in Sources */,
				9197CE2D26CFBCEA0037B7BA /* FDTakeControllerLocalizableStrings.swift in Sources */,
				9197CE3426D00CA40037B7BA /* TextMessageCell.swift in Sources */,
				0463B25625E3BD4800734DAD /* UIImage+Gif.swift in Sources */,
				9197CE0B26CFBA590037B7BA /* InputBarViewController.swift in Sources */,
				9197CDA826CFB8DD0037B7BA /* SMChatMessagesView.swift in Sources */,
				9197CDF426CFBA590037B7BA /* AttachmentsView.swift in Sources */,
				912E4AAC276A870300A46A8D /* SMDemoRemoteControlSegmentCell.swift in Sources */,
				A95BFBF325F7C55000432305 /* SMControlBar.swift in Sources */,
				9197CE0726CFBA590037B7BA /* UIView+AutoLayout.swift in Sources */,
				91865568266FBCC3008AC955 /* FadeTransition.swift in Sources */,
				911A32C82768F52200C89F0B /* SMDemoRemoteControlWebViewController.swift in Sources */,
				049C222C26236C9500C999CB /* CaptchaViewController.swift in Sources */,
				9197CE2626CFBC3C0037B7BA /* iMessageInputBar.swift in Sources */,
				91DBE99326F8C7790086338C /* SMDemoRemoteControlButtonCell.swift in Sources */,
				9197CE2F26CFF72B0037B7BA /* UIColor+Branding.swift in Sources */,
				9197CE0D26CFBA590037B7BA /* InputStackView.swift in Sources */,
				A946498A25FA529100FDB22C /* SMRemoteVideosView.swift in Sources */,
				912E4AAE27721EB800A46A8D /* SMDemoRemoteControlTabbarViewController.swift in Sources */,
				A946497E25F8EFD700FDB22C /* SMParticipantsTableViewCell.swift in Sources */,
				9197CE0C26CFBA590037B7BA /* InputBarAccessoryView+Availability.swift in Sources */,
				91DBE99126F8C7630086338C /* SMDemoRemoteControlTextViewCell.swift in Sources */,
				9197CE0A26CFBA590037B7BA /* InputBarSendButton.swift in Sources */,
				9197CDF626CFBA590037B7BA /* AttachmentManagerDelegate.swift in Sources */,
				91DBE98F26F8C7540086338C /* SMDemoRemoteControlTextFieldCell.swift in Sources */,
				A946498C25FA547F00FDB22C /* SMRemoteVideoTableViewCell.swift in Sources */,
				91DBE99526FB524C0086338C /* SMDemoRemoteControlFillerCell.swift in Sources */,
				91DBE98C26F8B83C0086338C /* SMDemoRemoteControlNativeFormViewController.swift in Sources */,
				9197CDFB26CFBA590037B7BA /* AutocompleteCell.swift in Sources */,
				04CC0AE225AC6A6500B8C4E2 /* SceneDelegate.swift in Sources */,
				9197CE0526CFBA590037B7BA /* UITextView+Extensions.swift in Sources */,
				A946497325F7CE9500FDB22C /* MainViewController.swift in Sources */,
				9197CE2126CFBC3C0037B7BA /* TableDragAndDropDelegate.swift in Sources */,
				9197CE0626CFBA590037B7BA /* NSMutableAttributedString+Extensions.swift in Sources */,
				9197CDF926CFBA590037B7BA /* AutocompleteCompletion.swift in Sources */,
				9197CE0426CFBA590037B7BA /* String+Extensions.swift in Sources */,
				9197CE0326CFBA590037B7BA /* NSNotification+Extensions.swift in Sources */,
				9197CE0F26CFBA590037B7BA /* SeparatorLine.swift in Sources */,
				A946498E25FA5EC400FDB22C /* WebViewController.swift in Sources */,
				9197CDF526CFBA590037B7BA /* AttachmentManagerDataSource.swift in Sources */,
			);
			runOnlyForDeploymentPostprocessing = 0;
		};
/* End PBXSourcesBuildPhase section */

/* Begin PBXTargetDependency section */
		047F36DD266152210036CA54 /* PBXTargetDependency */ = {
			isa = PBXTargetDependency;
			target = 04CC0ADB25AC6A6500B8C4E2 /* ScreenMeet */;
			targetProxy = 047F36DC266152210036CA54 /* PBXContainerItemProxy */;
		};
/* End PBXTargetDependency section */

/* Begin PBXVariantGroup section */
		04CC0AE525AC6A6500B8C4E2 /* Main.storyboard */ = {
			isa = PBXVariantGroup;
			children = (
				04CC0AE625AC6A6500B8C4E2 /* Base */,
			);
			name = Main.storyboard;
			sourceTree = "<group>";
		};
		04CC0AEA25AC6A6900B8C4E2 /* LaunchScreen.storyboard */ = {
			isa = PBXVariantGroup;
			children = (
				04CC0AEB25AC6A6900B8C4E2 /* Base */,
			);
			name = LaunchScreen.storyboard;
			sourceTree = "<group>";
		};
/* End PBXVariantGroup section */

/* Begin XCBuildConfiguration section */
		047F36DE266152210036CA54 /* Debug */ = {
			isa = XCBuildConfiguration;
			baseConfigurationReference = 47A14B1D7CEB36205A4BA5CD /* Pods-ScreenMeetTests.debug.xcconfig */;
			buildSettings = {
				BUNDLE_LOADER = "$(TEST_HOST)";
				CODE_SIGN_STYLE = Automatic;
				DEVELOPMENT_TEAM = U3AQW9824Q;
				INFOPLIST_FILE = ScreenMeetTests/Info.plist;
				IPHONEOS_DEPLOYMENT_TARGET = 14.0;
				LD_RUNPATH_SEARCH_PATHS = (
					"$(inherited)",
					"@executable_path/Frameworks",
					"@loader_path/Frameworks",
				);
				PRODUCT_BUNDLE_IDENTIFIER = com.projector.screenmeetScreenMeet.Tests;
				PRODUCT_NAME = "$(TARGET_NAME)";
				SWIFT_VERSION = 5.0;
				TARGETED_DEVICE_FAMILY = "1,2";
				TEST_HOST = "$(BUILT_PRODUCTS_DIR)/ScreenMeet.app/ScreenMeet";
			};
			name = Debug;
		};
		047F36DF266152210036CA54 /* Release */ = {
			isa = XCBuildConfiguration;
			baseConfigurationReference = 77709DFECD64545BD377F7B2 /* Pods-ScreenMeetTests.release.xcconfig */;
			buildSettings = {
				BUNDLE_LOADER = "$(TEST_HOST)";
				CODE_SIGN_STYLE = Automatic;
				DEVELOPMENT_TEAM = U3AQW9824Q;
				INFOPLIST_FILE = ScreenMeetTests/Info.plist;
				IPHONEOS_DEPLOYMENT_TARGET = 14.0;
				LD_RUNPATH_SEARCH_PATHS = (
					"$(inherited)",
					"@executable_path/Frameworks",
					"@loader_path/Frameworks",
				);
				PRODUCT_BUNDLE_IDENTIFIER = com.projector.screenmeetScreenMeet.Tests;
				PRODUCT_NAME = "$(TARGET_NAME)";
				SWIFT_VERSION = 5.0;
				TARGETED_DEVICE_FAMILY = "1,2";
				TEST_HOST = "$(BUILT_PRODUCTS_DIR)/ScreenMeet.app/ScreenMeet";
			};
			name = Release;
		};
		04CC0AEE25AC6A6900B8C4E2 /* Debug */ = {
			isa = XCBuildConfiguration;
			buildSettings = {
				ALWAYS_SEARCH_USER_PATHS = NO;
				CLANG_ANALYZER_NONNULL = YES;
				CLANG_ANALYZER_NUMBER_OBJECT_CONVERSION = YES_AGGRESSIVE;
				CLANG_CXX_LANGUAGE_STANDARD = "gnu++14";
				CLANG_CXX_LIBRARY = "libc++";
				CLANG_ENABLE_MODULES = YES;
				CLANG_ENABLE_OBJC_ARC = YES;
				CLANG_ENABLE_OBJC_WEAK = YES;
				CLANG_WARN_BLOCK_CAPTURE_AUTORELEASING = YES;
				CLANG_WARN_BOOL_CONVERSION = YES;
				CLANG_WARN_COMMA = YES;
				CLANG_WARN_CONSTANT_CONVERSION = YES;
				CLANG_WARN_DEPRECATED_OBJC_IMPLEMENTATIONS = YES;
				CLANG_WARN_DIRECT_OBJC_ISA_USAGE = YES_ERROR;
				CLANG_WARN_DOCUMENTATION_COMMENTS = YES;
				CLANG_WARN_EMPTY_BODY = YES;
				CLANG_WARN_ENUM_CONVERSION = YES;
				CLANG_WARN_INFINITE_RECURSION = YES;
				CLANG_WARN_INT_CONVERSION = YES;
				CLANG_WARN_NON_LITERAL_NULL_CONVERSION = YES;
				CLANG_WARN_OBJC_IMPLICIT_RETAIN_SELF = YES;
				CLANG_WARN_OBJC_LITERAL_CONVERSION = YES;
				CLANG_WARN_OBJC_ROOT_CLASS = YES_ERROR;
				CLANG_WARN_QUOTED_INCLUDE_IN_FRAMEWORK_HEADER = YES;
				CLANG_WARN_RANGE_LOOP_ANALYSIS = YES;
				CLANG_WARN_STRICT_PROTOTYPES = YES;
				CLANG_WARN_SUSPICIOUS_MOVE = YES;
				CLANG_WARN_UNGUARDED_AVAILABILITY = YES_AGGRESSIVE;
				CLANG_WARN_UNREACHABLE_CODE = YES;
				CLANG_WARN__DUPLICATE_METHOD_MATCH = YES;
				COPY_PHASE_STRIP = NO;
				DEBUG_INFORMATION_FORMAT = dwarf;
				ENABLE_BITCODE = NO;
				ENABLE_STRICT_OBJC_MSGSEND = YES;
				ENABLE_TESTABILITY = YES;
				"EXCLUDED_ARCHS[sdk=iphonesimulator*]" = arm64;
				GCC_C_LANGUAGE_STANDARD = gnu11;
				GCC_DYNAMIC_NO_PIC = NO;
				GCC_NO_COMMON_BLOCKS = YES;
				GCC_OPTIMIZATION_LEVEL = 0;
				GCC_PREPROCESSOR_DEFINITIONS = (
					"DEBUG=1",
					"$(inherited)",
				);
				GCC_WARN_64_TO_32_BIT_CONVERSION = YES;
				GCC_WARN_ABOUT_RETURN_TYPE = YES_ERROR;
				GCC_WARN_UNDECLARED_SELECTOR = YES;
				GCC_WARN_UNINITIALIZED_AUTOS = YES_AGGRESSIVE;
				GCC_WARN_UNUSED_FUNCTION = YES;
				GCC_WARN_UNUSED_VARIABLE = YES;
				IPHONEOS_DEPLOYMENT_TARGET = 14.2;
				MTL_ENABLE_DEBUG_INFO = INCLUDE_SOURCE;
				MTL_FAST_MATH = YES;
				ONLY_ACTIVE_ARCH = YES;
				SDKROOT = iphoneos;
				SWIFT_ACTIVE_COMPILATION_CONDITIONS = DEBUG;
				SWIFT_OPTIMIZATION_LEVEL = "-Onone";
				VALIDATE_WORKSPACE = YES;
			};
			name = Debug;
		};
		04CC0AEF25AC6A6900B8C4E2 /* Release */ = {
			isa = XCBuildConfiguration;
			buildSettings = {
				ALWAYS_SEARCH_USER_PATHS = NO;
				CLANG_ANALYZER_NONNULL = YES;
				CLANG_ANALYZER_NUMBER_OBJECT_CONVERSION = YES_AGGRESSIVE;
				CLANG_CXX_LANGUAGE_STANDARD = "gnu++14";
				CLANG_CXX_LIBRARY = "libc++";
				CLANG_ENABLE_MODULES = YES;
				CLANG_ENABLE_OBJC_ARC = YES;
				CLANG_ENABLE_OBJC_WEAK = YES;
				CLANG_WARN_BLOCK_CAPTURE_AUTORELEASING = YES;
				CLANG_WARN_BOOL_CONVERSION = YES;
				CLANG_WARN_COMMA = YES;
				CLANG_WARN_CONSTANT_CONVERSION = YES;
				CLANG_WARN_DEPRECATED_OBJC_IMPLEMENTATIONS = YES;
				CLANG_WARN_DIRECT_OBJC_ISA_USAGE = YES_ERROR;
				CLANG_WARN_DOCUMENTATION_COMMENTS = YES;
				CLANG_WARN_EMPTY_BODY = YES;
				CLANG_WARN_ENUM_CONVERSION = YES;
				CLANG_WARN_INFINITE_RECURSION = YES;
				CLANG_WARN_INT_CONVERSION = YES;
				CLANG_WARN_NON_LITERAL_NULL_CONVERSION = YES;
				CLANG_WARN_OBJC_IMPLICIT_RETAIN_SELF = YES;
				CLANG_WARN_OBJC_LITERAL_CONVERSION = YES;
				CLANG_WARN_OBJC_ROOT_CLASS = YES_ERROR;
				CLANG_WARN_QUOTED_INCLUDE_IN_FRAMEWORK_HEADER = YES;
				CLANG_WARN_RANGE_LOOP_ANALYSIS = YES;
				CLANG_WARN_STRICT_PROTOTYPES = YES;
				CLANG_WARN_SUSPICIOUS_MOVE = YES;
				CLANG_WARN_UNGUARDED_AVAILABILITY = YES_AGGRESSIVE;
				CLANG_WARN_UNREACHABLE_CODE = YES;
				CLANG_WARN__DUPLICATE_METHOD_MATCH = YES;
				COPY_PHASE_STRIP = NO;
				DEBUG_INFORMATION_FORMAT = "dwarf-with-dsym";
				ENABLE_BITCODE = NO;
				ENABLE_NS_ASSERTIONS = NO;
				ENABLE_STRICT_OBJC_MSGSEND = YES;
				"EXCLUDED_ARCHS[sdk=iphonesimulator*]" = arm64;
				GCC_C_LANGUAGE_STANDARD = gnu11;
				GCC_NO_COMMON_BLOCKS = YES;
				GCC_WARN_64_TO_32_BIT_CONVERSION = YES;
				GCC_WARN_ABOUT_RETURN_TYPE = YES_ERROR;
				GCC_WARN_UNDECLARED_SELECTOR = YES;
				GCC_WARN_UNINITIALIZED_AUTOS = YES_AGGRESSIVE;
				GCC_WARN_UNUSED_FUNCTION = YES;
				GCC_WARN_UNUSED_VARIABLE = YES;
				IPHONEOS_DEPLOYMENT_TARGET = 14.2;
				MTL_ENABLE_DEBUG_INFO = NO;
				MTL_FAST_MATH = YES;
				ONLY_ACTIVE_ARCH = YES;
				SDKROOT = iphoneos;
				SWIFT_COMPILATION_MODE = wholemodule;
				SWIFT_OPTIMIZATION_LEVEL = "-O";
				VALIDATE_PRODUCT = YES;
				VALIDATE_WORKSPACE = YES;
			};
			name = Release;
		};
		04CC0AF125AC6A6900B8C4E2 /* Debug */ = {
			isa = XCBuildConfiguration;
			baseConfigurationReference = 608E0CA996BC6302C9735526 /* Pods-ScreenMeet.debug.xcconfig */;
			buildSettings = {
				ASSETCATALOG_COMPILER_APPICON_NAME = AppIcon;
				ASSETCATALOG_COMPILER_GLOBAL_ACCENT_COLOR_NAME = AccentColor;
				CLANG_ENABLE_MODULES = YES;
				CLANG_ENABLE_OBJC_ARC = YES;
				CODE_SIGN_STYLE = Automatic;
				CURRENT_PROJECT_VERSION = 4;
				DEVELOPMENT_TEAM = U3AQW9824Q;
				ENABLE_BITCODE = NO;
				"EXCLUDED_ARCHS[sdk=iphonesimulator14.4]" = arm64;
				FRAMEWORK_SEARCH_PATHS = "$(inherited)";
				INFOPLIST_FILE = ScreenMeet/Info.plist;
				IPHONEOS_DEPLOYMENT_TARGET = 13.0;
				LD_RUNPATH_SEARCH_PATHS = (
					"$(inherited)",
					"@executable_path/Frameworks",
				);
				LIBRARY_SEARCH_PATHS = "$(inherited)";
				PRODUCT_BUNDLE_IDENTIFIER = com.projector.screenmeet;
				PRODUCT_NAME = "$(TARGET_NAME)";
				SWIFT_OBJC_BRIDGING_HEADER = "ScreenMeet/ScreenMeet-Bridging-Header.h";
				SWIFT_OPTIMIZATION_LEVEL = "-Onone";
				SWIFT_VERSION = 5.0;
				TARGETED_DEVICE_FAMILY = "1,2";
			};
			name = Debug;
		};
		04CC0AF225AC6A6900B8C4E2 /* Release */ = {
			isa = XCBuildConfiguration;
			baseConfigurationReference = 148E30CA7C218518B7C57077 /* Pods-ScreenMeet.release.xcconfig */;
			buildSettings = {
				ASSETCATALOG_COMPILER_APPICON_NAME = AppIcon;
				ASSETCATALOG_COMPILER_GLOBAL_ACCENT_COLOR_NAME = AccentColor;
				CLANG_ENABLE_MODULES = YES;
				CLANG_ENABLE_OBJC_ARC = YES;
				CODE_SIGN_STYLE = Automatic;
				CURRENT_PROJECT_VERSION = 4;
				DEVELOPMENT_TEAM = U3AQW9824Q;
				ENABLE_BITCODE = NO;
				"EXCLUDED_ARCHS[sdk=iphonesimulator14.4]" = arm64;
				FRAMEWORK_SEARCH_PATHS = "$(inherited)";
				INFOPLIST_FILE = ScreenMeet/Info.plist;
				IPHONEOS_DEPLOYMENT_TARGET = 13.0;
				LD_RUNPATH_SEARCH_PATHS = (
					"$(inherited)",
					"@executable_path/Frameworks",
				);
				LIBRARY_SEARCH_PATHS = "$(inherited)";
				ONLY_ACTIVE_ARCH = YES;
				PRODUCT_BUNDLE_IDENTIFIER = com.projector.screenmeet;
				PRODUCT_NAME = "$(TARGET_NAME)";
				SWIFT_OBJC_BRIDGING_HEADER = "ScreenMeet/ScreenMeet-Bridging-Header.h";
				SWIFT_VERSION = 5.0;
				TARGETED_DEVICE_FAMILY = "1,2";
				VALIDATE_PRODUCT = NO;
			};
			name = Release;
		};
/* End XCBuildConfiguration section */

/* Begin XCConfigurationList section */
		047F36E0266152210036CA54 /* Build configuration list for PBXNativeTarget "ScreenMeetTests" */ = {
			isa = XCConfigurationList;
			buildConfigurations = (
				047F36DE266152210036CA54 /* Debug */,
				047F36DF266152210036CA54 /* Release */,
			);
			defaultConfigurationIsVisible = 0;
			defaultConfigurationName = Release;
		};
		04CC0AD725AC6A6500B8C4E2 /* Build configuration list for PBXProject "ScreenMeet" */ = {
			isa = XCConfigurationList;
			buildConfigurations = (
				04CC0AEE25AC6A6900B8C4E2 /* Debug */,
				04CC0AEF25AC6A6900B8C4E2 /* Release */,
			);
			defaultConfigurationIsVisible = 0;
			defaultConfigurationName = Release;
		};
		04CC0AF025AC6A6900B8C4E2 /* Build configuration list for PBXNativeTarget "ScreenMeet" */ = {
			isa = XCConfigurationList;
			buildConfigurations = (
				04CC0AF125AC6A6900B8C4E2 /* Debug */,
				04CC0AF225AC6A6900B8C4E2 /* Release */,
			);
			defaultConfigurationIsVisible = 0;
			defaultConfigurationName = Release;
		};
/* End XCConfigurationList section */
	};
	rootObject = 04CC0AD425AC6A6500B8C4E2 /* Project object */;
}
