// !$*UTF8*$!
{
	archiveVersion = 1;
	classes = {
	};
	objectVersion = 51;
	objects = {

/* Begin PBXBuildFile section */
		0463B25625E3BD4800734DAD /* UIImage+Gif.swift in Sources */ = {isa = PBXBuildFile; fileRef = 0463B25525E3BD4800734DAD /* UIImage+Gif.swift */; };
		04CC0AE025AC6A6500B8C4E2 /* AppDelegate.swift in Sources */ = {isa = PBXBuildFile; fileRef = 04CC0ADF25AC6A6500B8C4E2 /* AppDelegate.swift */; };
		04CC0AE225AC6A6500B8C4E2 /* SceneDelegate.swift in Sources */ = {isa = PBXBuildFile; fileRef = 04CC0AE125AC6A6500B8C4E2 /* SceneDelegate.swift */; };
		04CC0AE725AC6A6500B8C4E2 /* Main.storyboard in Resources */ = {isa = PBXBuildFile; fileRef = 04CC0AE525AC6A6500B8C4E2 /* Main.storyboard */; };
		04CC0AE925AC6A6900B8C4E2 /* Assets.xcassets in Resources */ = {isa = PBXBuildFile; fileRef = 04CC0AE825AC6A6900B8C4E2 /* Assets.xcassets */; };
		04CC0AEC25AC6A6900B8C4E2 /* LaunchScreen.storyboard in Resources */ = {isa = PBXBuildFile; fileRef = 04CC0AEA25AC6A6900B8C4E2 /* LaunchScreen.storyboard */; };
		A3AEC24E0588CAEFB800D9FF /* Pods_ScreenMeet.framework in Frameworks */ = {isa = PBXBuildFile; fileRef = F57D6F3DE8F95A515928F9F0 /* Pods_ScreenMeet.framework */; };
		A946497325F7CE9500FDB22C /* MainViewController.swift in Sources */ = {isa = PBXBuildFile; fileRef = A946497225F7CE9500FDB22C /* MainViewController.swift */; };
		A946497A25F8C64100FDB22C /* SMUserInterface.swift in Sources */ = {isa = PBXBuildFile; fileRef = A946497925F8C64100FDB22C /* SMUserInterface.swift */; };
		A946497C25F8E06D00FDB22C /* SMOptionViewController.swift in Sources */ = {isa = PBXBuildFile; fileRef = A946497B25F8E06D00FDB22C /* SMOptionViewController.swift */; };
		A946497E25F8EFD700FDB22C /* SMParticipantsTableViewCell.swift in Sources */ = {isa = PBXBuildFile; fileRef = A946497D25F8EFD700FDB22C /* SMParticipantsTableViewCell.swift */; };
		A946498025F919AC00FDB22C /* SMSmallVideoView.swift in Sources */ = {isa = PBXBuildFile; fileRef = A946497F25F919AC00FDB22C /* SMSmallVideoView.swift */; };
		A946498725FA3ACB00FDB22C /* SMMainVideoView.swift in Sources */ = {isa = PBXBuildFile; fileRef = A946498625FA3ACB00FDB22C /* SMMainVideoView.swift */; };
		A946498A25FA529100FDB22C /* SMRemoteVideosView.swift in Sources */ = {isa = PBXBuildFile; fileRef = A946498925FA529100FDB22C /* SMRemoteVideosView.swift */; };
		A946498C25FA547F00FDB22C /* SMRemoteVideoTableViewCell.swift in Sources */ = {isa = PBXBuildFile; fileRef = A946498B25FA547F00FDB22C /* SMRemoteVideoTableViewCell.swift */; };
		A946498E25FA5EC400FDB22C /* WebViewController.swift in Sources */ = {isa = PBXBuildFile; fileRef = A946498D25FA5EC400FDB22C /* WebViewController.swift */; };
		A95BFBEE25F7C4E900432305 /* SMMainViewController.swift in Sources */ = {isa = PBXBuildFile; fileRef = A95BFBED25F7C4E900432305 /* SMMainViewController.swift */; };
		A95BFBF125F7C53F00432305 /* SMControlButton.swift in Sources */ = {isa = PBXBuildFile; fileRef = A95BFBF025F7C53F00432305 /* SMControlButton.swift */; };
		A95BFBF325F7C55000432305 /* SMControlBar.swift in Sources */ = {isa = PBXBuildFile; fileRef = A95BFBF225F7C55000432305 /* SMControlBar.swift */; };
		A95BFBF625F7C5A300432305 /* sm_logo.png in Resources */ = {isa = PBXBuildFile; fileRef = A95BFBF525F7C5A300432305 /* sm_logo.png */; };
		A95BFC0925F7C96A00432305 /* ladywalking.gif in Resources */ = {isa = PBXBuildFile; fileRef = A95BFC0725F7C96A00432305 /* ladywalking.gif */; };
		A95BFC0A25F7C96A00432305 /* stars.gif in Resources */ = {isa = PBXBuildFile; fileRef = A95BFC0825F7C96A00432305 /* stars.gif */; };
/* End PBXBuildFile section */

/* Begin PBXCopyFilesBuildPhase section */
		045A714125CB0B38004A3E1D /* Embed Frameworks */ = {
			isa = PBXCopyFilesBuildPhase;
			buildActionMask = 2147483647;
			dstPath = "";
			dstSubfolderSpec = 10;
			files = (
			);
			name = "Embed Frameworks";
			runOnlyForDeploymentPostprocessing = 0;
		};
/* End PBXCopyFilesBuildPhase section */

/* Begin PBXFileReference section */
		04553E5925AF9B1D00159844 /* ScreenMeet-Bridging-Header.h */ = {isa = PBXFileReference; lastKnownFileType = sourcecode.c.h; path = "ScreenMeet-Bridging-Header.h"; sourceTree = "<group>"; };
		0463B25525E3BD4800734DAD /* UIImage+Gif.swift */ = {isa = PBXFileReference; lastKnownFileType = sourcecode.swift; path = "UIImage+Gif.swift"; sourceTree = "<group>"; };
		04CC0ADC25AC6A6500B8C4E2 /* ScreenMeet.app */ = {isa = PBXFileReference; explicitFileType = wrapper.application; includeInIndex = 0; path = ScreenMeet.app; sourceTree = BUILT_PRODUCTS_DIR; };
		04CC0ADF25AC6A6500B8C4E2 /* AppDelegate.swift */ = {isa = PBXFileReference; lastKnownFileType = sourcecode.swift; path = AppDelegate.swift; sourceTree = "<group>"; };
		04CC0AE125AC6A6500B8C4E2 /* SceneDelegate.swift */ = {isa = PBXFileReference; lastKnownFileType = sourcecode.swift; path = SceneDelegate.swift; sourceTree = "<group>"; };
		04CC0AE625AC6A6500B8C4E2 /* Base */ = {isa = PBXFileReference; lastKnownFileType = file.storyboard; name = Base; path = Base.lproj/Main.storyboard; sourceTree = "<group>"; };
		04CC0AE825AC6A6900B8C4E2 /* Assets.xcassets */ = {isa = PBXFileReference; lastKnownFileType = folder.assetcatalog; path = Assets.xcassets; sourceTree = "<group>"; };
		04CC0AEB25AC6A6900B8C4E2 /* Base */ = {isa = PBXFileReference; lastKnownFileType = file.storyboard; name = Base; path = Base.lproj/LaunchScreen.storyboard; sourceTree = "<group>"; };
		04CC0AED25AC6A6900B8C4E2 /* Info.plist */ = {isa = PBXFileReference; lastKnownFileType = text.plist.xml; path = Info.plist; sourceTree = "<group>"; };
		148E30CA7C218518B7C57077 /* Pods-ScreenMeet.release.xcconfig */ = {isa = PBXFileReference; includeInIndex = 1; lastKnownFileType = text.xcconfig; name = "Pods-ScreenMeet.release.xcconfig"; path = "Target Support Files/Pods-ScreenMeet/Pods-ScreenMeet.release.xcconfig"; sourceTree = "<group>"; };
		608E0CA996BC6302C9735526 /* Pods-ScreenMeet.debug.xcconfig */ = {isa = PBXFileReference; includeInIndex = 1; lastKnownFileType = text.xcconfig; name = "Pods-ScreenMeet.debug.xcconfig"; path = "Target Support Files/Pods-ScreenMeet/Pods-ScreenMeet.debug.xcconfig"; sourceTree = "<group>"; };
		A946497225F7CE9500FDB22C /* MainViewController.swift */ = {isa = PBXFileReference; lastKnownFileType = sourcecode.swift; path = MainViewController.swift; sourceTree = "<group>"; };
		A946497925F8C64100FDB22C /* SMUserInterface.swift */ = {isa = PBXFileReference; lastKnownFileType = sourcecode.swift; path = SMUserInterface.swift; sourceTree = "<group>"; };
		A946497B25F8E06D00FDB22C /* SMOptionViewController.swift */ = {isa = PBXFileReference; lastKnownFileType = sourcecode.swift; path = SMOptionViewController.swift; sourceTree = "<group>"; };
		A946497D25F8EFD700FDB22C /* SMParticipantsTableViewCell.swift */ = {isa = PBXFileReference; lastKnownFileType = sourcecode.swift; path = SMParticipantsTableViewCell.swift; sourceTree = "<group>"; };
		A946497F25F919AC00FDB22C /* SMSmallVideoView.swift */ = {isa = PBXFileReference; lastKnownFileType = sourcecode.swift; path = SMSmallVideoView.swift; sourceTree = "<group>"; };
		A946498625FA3ACB00FDB22C /* SMMainVideoView.swift */ = {isa = PBXFileReference; lastKnownFileType = sourcecode.swift; path = SMMainVideoView.swift; sourceTree = "<group>"; };
		A946498925FA529100FDB22C /* SMRemoteVideosView.swift */ = {isa = PBXFileReference; lastKnownFileType = sourcecode.swift; path = SMRemoteVideosView.swift; sourceTree = "<group>"; };
		A946498B25FA547F00FDB22C /* SMRemoteVideoTableViewCell.swift */ = {isa = PBXFileReference; lastKnownFileType = sourcecode.swift; path = SMRemoteVideoTableViewCell.swift; sourceTree = "<group>"; };
		A946498D25FA5EC400FDB22C /* WebViewController.swift */ = {isa = PBXFileReference; lastKnownFileType = sourcecode.swift; path = WebViewController.swift; sourceTree = "<group>"; };
		A95BFBED25F7C4E900432305 /* SMMainViewController.swift */ = {isa = PBXFileReference; lastKnownFileType = sourcecode.swift; path = SMMainViewController.swift; sourceTree = "<group>"; };
		A95BFBF025F7C53F00432305 /* SMControlButton.swift */ = {isa = PBXFileReference; lastKnownFileType = sourcecode.swift; path = SMControlButton.swift; sourceTree = "<group>"; };
		A95BFBF225F7C55000432305 /* SMControlBar.swift */ = {isa = PBXFileReference; lastKnownFileType = sourcecode.swift; path = SMControlBar.swift; sourceTree = "<group>"; };
		A95BFBF525F7C5A300432305 /* sm_logo.png */ = {isa = PBXFileReference; lastKnownFileType = image.png; path = sm_logo.png; sourceTree = "<group>"; };
		A95BFC0725F7C96A00432305 /* ladywalking.gif */ = {isa = PBXFileReference; lastKnownFileType = image.gif; path = ladywalking.gif; sourceTree = "<group>"; };
		A95BFC0825F7C96A00432305 /* stars.gif */ = {isa = PBXFileReference; lastKnownFileType = image.gif; path = stars.gif; sourceTree = "<group>"; };
		F57D6F3DE8F95A515928F9F0 /* Pods_ScreenMeet.framework */ = {isa = PBXFileReference; explicitFileType = wrapper.framework; includeInIndex = 0; path = Pods_ScreenMeet.framework; sourceTree = BUILT_PRODUCTS_DIR; };
/* End PBXFileReference section */

/* Begin PBXFrameworksBuildPhase section */
		04CC0AD925AC6A6500B8C4E2 /* Frameworks */ = {
			isa = PBXFrameworksBuildPhase;
			buildActionMask = 2147483647;
			files = (
				A3AEC24E0588CAEFB800D9FF /* Pods_ScreenMeet.framework in Frameworks */,
			);
			runOnlyForDeploymentPostprocessing = 0;
		};
/* End PBXFrameworksBuildPhase section */

/* Begin PBXGroup section */
		0463B25225E3BD2600734DAD /* Gif */ = {
			isa = PBXGroup;
			children = (
				A95BFC0725F7C96A00432305 /* ladywalking.gif */,
				A95BFC0825F7C96A00432305 /* stars.gif */,
				0463B25525E3BD4800734DAD /* UIImage+Gif.swift */,
			);
			path = Gif;
			sourceTree = "<group>";
		};
		04CC0AD325AC6A6500B8C4E2 = {
			isa = PBXGroup;
			children = (
				04CC0ADE25AC6A6500B8C4E2 /* ScreenMeet */,
				04CC0ADD25AC6A6500B8C4E2 /* Products */,
				E27F251FE7E1E1B7230C7D30 /* Pods */,
				614114E2C60DDD81C04F5864 /* Frameworks */,
			);
			sourceTree = "<group>";
		};
		04CC0ADD25AC6A6500B8C4E2 /* Products */ = {
			isa = PBXGroup;
			children = (
				04CC0ADC25AC6A6500B8C4E2 /* ScreenMeet.app */,
			);
			name = Products;
			sourceTree = "<group>";
		};
		04CC0ADE25AC6A6500B8C4E2 /* ScreenMeet */ = {
			isa = PBXGroup;
			children = (
				A95BFBEC25F7C4CC00432305 /* ScreenMeetUI */,
				0463B25225E3BD2600734DAD /* Gif */,
				04CC0ADF25AC6A6500B8C4E2 /* AppDelegate.swift */,
				04CC0AE125AC6A6500B8C4E2 /* SceneDelegate.swift */,
				A946497225F7CE9500FDB22C /* MainViewController.swift */,
				A946498D25FA5EC400FDB22C /* WebViewController.swift */,
				04CC0AE525AC6A6500B8C4E2 /* Main.storyboard */,
				04CC0AE825AC6A6900B8C4E2 /* Assets.xcassets */,
				04CC0AEA25AC6A6900B8C4E2 /* LaunchScreen.storyboard */,
				04CC0AED25AC6A6900B8C4E2 /* Info.plist */,
				04553E5925AF9B1D00159844 /* ScreenMeet-Bridging-Header.h */,
			);
			path = ScreenMeet;
			sourceTree = "<group>";
		};
		614114E2C60DDD81C04F5864 /* Frameworks */ = {
			isa = PBXGroup;
			children = (
				F57D6F3DE8F95A515928F9F0 /* Pods_ScreenMeet.framework */,
			);
			name = Frameworks;
			sourceTree = "<group>";
		};
		A946498825FA4AFD00FDB22C /* Managers */ = {
			isa = PBXGroup;
			children = (
				A946497925F8C64100FDB22C /* SMUserInterface.swift */,
			);
			path = Managers;
			sourceTree = "<group>";
		};
		A95BFBEC25F7C4CC00432305 /* ScreenMeetUI */ = {
			isa = PBXGroup;
			children = (
				A95BFBF425F7C56F00432305 /* Assets */,
				A95BFBEF25F7C52900432305 /* Components */,
				A946498825FA4AFD00FDB22C /* Managers */,
				A95BFBED25F7C4E900432305 /* SMMainViewController.swift */,
				A946497B25F8E06D00FDB22C /* SMOptionViewController.swift */,
			);
			path = ScreenMeetUI;
			sourceTree = "<group>";
		};
		A95BFBEF25F7C52900432305 /* Components */ = {
			isa = PBXGroup;
			children = (
				A95BFBF225F7C55000432305 /* SMControlBar.swift */,
				A95BFBF025F7C53F00432305 /* SMControlButton.swift */,
				A946497D25F8EFD700FDB22C /* SMParticipantsTableViewCell.swift */,
				A946498B25FA547F00FDB22C /* SMRemoteVideoTableViewCell.swift */,
				A946497F25F919AC00FDB22C /* SMSmallVideoView.swift */,
				A946498625FA3ACB00FDB22C /* SMMainVideoView.swift */,
				A946498925FA529100FDB22C /* SMRemoteVideosView.swift */,
			);
			path = Components;
			sourceTree = "<group>";
		};
		A95BFBF425F7C56F00432305 /* Assets */ = {
			isa = PBXGroup;
			children = (
				A95BFBF525F7C5A300432305 /* sm_logo.png */,
			);
			path = Assets;
			sourceTree = "<group>";
		};
		E27F251FE7E1E1B7230C7D30 /* Pods */ = {
			isa = PBXGroup;
			children = (
				608E0CA996BC6302C9735526 /* Pods-ScreenMeet.debug.xcconfig */,
				148E30CA7C218518B7C57077 /* Pods-ScreenMeet.release.xcconfig */,
			);
			path = Pods;
			sourceTree = "<group>";
		};
/* End PBXGroup section */

/* Begin PBXNativeTarget section */
		04CC0ADB25AC6A6500B8C4E2 /* ScreenMeet */ = {
			isa = PBXNativeTarget;
			buildConfigurationList = 04CC0AF025AC6A6900B8C4E2 /* Build configuration list for PBXNativeTarget "ScreenMeet" */;
			buildPhases = (
				6C918A676D6F3912B5DC3988 /* [CP] Check Pods Manifest.lock */,
				04CC0AD825AC6A6500B8C4E2 /* Sources */,
				04CC0AD925AC6A6500B8C4E2 /* Frameworks */,
				04CC0ADA25AC6A6500B8C4E2 /* Resources */,
				BAB5926D728B8298004813E9 /* [CP] Embed Pods Frameworks */,
				045A714125CB0B38004A3E1D /* Embed Frameworks */,
			);
			buildRules = (
			);
			dependencies = (
			);
			name = ScreenMeet;
			productName = ScreenMeet;
			productReference = 04CC0ADC25AC6A6500B8C4E2 /* ScreenMeet.app */;
			productType = "com.apple.product-type.application";
		};
/* End PBXNativeTarget section */

/* Begin PBXProject section */
		04CC0AD425AC6A6500B8C4E2 /* Project object */ = {
			isa = PBXProject;
			attributes = {
				LastSwiftUpdateCheck = 1220;
				LastUpgradeCheck = 1220;
				TargetAttributes = {
					04CC0ADB25AC6A6500B8C4E2 = {
						CreatedOnToolsVersion = 12.2;
						LastSwiftMigration = 1220;
					};
				};
			};
			buildConfigurationList = 04CC0AD725AC6A6500B8C4E2 /* Build configuration list for PBXProject "ScreenMeet" */;
			compatibilityVersion = "Xcode 9.3";
			developmentRegion = en;
			hasScannedForEncodings = 0;
			knownRegions = (
				en,
				Base,
			);
			mainGroup = 04CC0AD325AC6A6500B8C4E2;
			productRefGroup = 04CC0ADD25AC6A6500B8C4E2 /* Products */;
			projectDirPath = "";
			projectRoot = "";
			targets = (
				04CC0ADB25AC6A6500B8C4E2 /* ScreenMeet */,
			);
		};
/* End PBXProject section */

/* Begin PBXResourcesBuildPhase section */
		04CC0ADA25AC6A6500B8C4E2 /* Resources */ = {
			isa = PBXResourcesBuildPhase;
			buildActionMask = 2147483647;
			files = (
				04CC0AEC25AC6A6900B8C4E2 /* LaunchScreen.storyboard in Resources */,
				04CC0AE925AC6A6900B8C4E2 /* Assets.xcassets in Resources */,
				A95BFBF625F7C5A300432305 /* sm_logo.png in Resources */,
				04CC0AE725AC6A6500B8C4E2 /* Main.storyboard in Resources */,
				A95BFC0A25F7C96A00432305 /* stars.gif in Resources */,
				A95BFC0925F7C96A00432305 /* ladywalking.gif in Resources */,
			);
			runOnlyForDeploymentPostprocessing = 0;
		};
/* End PBXResourcesBuildPhase section */

/* Begin PBXShellScriptBuildPhase section */
		6C918A676D6F3912B5DC3988 /* [CP] Check Pods Manifest.lock */ = {
			isa = PBXShellScriptBuildPhase;
			buildActionMask = 2147483647;
			files = (
			);
			inputFileListPaths = (
			);
			inputPaths = (
				"${PODS_PODFILE_DIR_PATH}/Podfile.lock",
				"${PODS_ROOT}/Manifest.lock",
			);
			name = "[CP] Check Pods Manifest.lock";
			outputFileListPaths = (
			);
			outputPaths = (
				"$(DERIVED_FILE_DIR)/Pods-ScreenMeet-checkManifestLockResult.txt",
			);
			runOnlyForDeploymentPostprocessing = 0;
			shellPath = /bin/sh;
			shellScript = "diff \"${PODS_PODFILE_DIR_PATH}/Podfile.lock\" \"${PODS_ROOT}/Manifest.lock\" > /dev/null\nif [ $? != 0 ] ; then\n    # print error to STDERR\n    echo \"error: The sandbox is not in sync with the Podfile.lock. Run 'pod install' or update your CocoaPods installation.\" >&2\n    exit 1\nfi\n# This output is used by Xcode 'outputs' to avoid re-running this script phase.\necho \"SUCCESS\" > \"${SCRIPT_OUTPUT_FILE_0}\"\n";
			showEnvVarsInLog = 0;
		};
		BAB5926D728B8298004813E9 /* [CP] Embed Pods Frameworks */ = {
			isa = PBXShellScriptBuildPhase;
			buildActionMask = 2147483647;
			files = (
			);
			inputFileListPaths = (
				"${PODS_ROOT}/Target Support Files/Pods-ScreenMeet/Pods-ScreenMeet-frameworks-${CONFIGURATION}-input-files.xcfilelist",
			);
			name = "[CP] Embed Pods Frameworks";
			outputFileListPaths = (
				"${PODS_ROOT}/Target Support Files/Pods-ScreenMeet/Pods-ScreenMeet-frameworks-${CONFIGURATION}-output-files.xcfilelist",
			);
			runOnlyForDeploymentPostprocessing = 0;
			shellPath = /bin/sh;
			shellScript = "\"${PODS_ROOT}/Target Support Files/Pods-ScreenMeet/Pods-ScreenMeet-frameworks.sh\"\n";
			showEnvVarsInLog = 0;
		};
/* End PBXShellScriptBuildPhase section */

/* Begin PBXSourcesBuildPhase section */
		04CC0AD825AC6A6500B8C4E2 /* Sources */ = {
			isa = PBXSourcesBuildPhase;
			buildActionMask = 2147483647;
			files = (
				A95BFBEE25F7C4E900432305 /* SMMainViewController.swift in Sources */,
				A946498725FA3ACB00FDB22C /* SMMainVideoView.swift in Sources */,
				A95BFBF125F7C53F00432305 /* SMControlButton.swift in Sources */,
				A946497A25F8C64100FDB22C /* SMUserInterface.swift in Sources */,
				A946498025F919AC00FDB22C /* SMSmallVideoView.swift in Sources */,
				04CC0AE025AC6A6500B8C4E2 /* AppDelegate.swift in Sources */,
				A946497C25F8E06D00FDB22C /* SMOptionViewController.swift in Sources */,
				0463B25625E3BD4800734DAD /* UIImage+Gif.swift in Sources */,
				A95BFBF325F7C55000432305 /* SMControlBar.swift in Sources */,
				A946498A25FA529100FDB22C /* SMRemoteVideosView.swift in Sources */,
				A946497E25F8EFD700FDB22C /* SMParticipantsTableViewCell.swift in Sources */,
				A946498C25FA547F00FDB22C /* SMRemoteVideoTableViewCell.swift in Sources */,
				04CC0AE225AC6A6500B8C4E2 /* SceneDelegate.swift in Sources */,
				A946497325F7CE9500FDB22C /* MainViewController.swift in Sources */,
				A946498E25FA5EC400FDB22C /* WebViewController.swift in Sources */,
			);
			runOnlyForDeploymentPostprocessing = 0;
		};
/* End PBXSourcesBuildPhase section */

/* Begin PBXVariantGroup section */
		04CC0AE525AC6A6500B8C4E2 /* Main.storyboard */ = {
			isa = PBXVariantGroup;
			children = (
				04CC0AE625AC6A6500B8C4E2 /* Base */,
			);
			name = Main.storyboard;
			sourceTree = "<group>";
		};
		04CC0AEA25AC6A6900B8C4E2 /* LaunchScreen.storyboard */ = {
			isa = PBXVariantGroup;
			children = (
				04CC0AEB25AC6A6900B8C4E2 /* Base */,
			);
			name = LaunchScreen.storyboard;
			sourceTree = "<group>";
		};
/* End PBXVariantGroup section */

/* Begin XCBuildConfiguration section */
		04CC0AEE25AC6A6900B8C4E2 /* Debug */ = {
			isa = XCBuildConfiguration;
			buildSettings = {
				ALWAYS_SEARCH_USER_PATHS = NO;
				ARCHS = arm64;
				CLANG_ANALYZER_NONNULL = YES;
				CLANG_ANALYZER_NUMBER_OBJECT_CONVERSION = YES_AGGRESSIVE;
				CLANG_CXX_LANGUAGE_STANDARD = "gnu++14";
				CLANG_CXX_LIBRARY = "libc++";
				CLANG_ENABLE_MODULES = YES;
				CLANG_ENABLE_OBJC_ARC = YES;
				CLANG_ENABLE_OBJC_WEAK = YES;
				CLANG_WARN_BLOCK_CAPTURE_AUTORELEASING = YES;
				CLANG_WARN_BOOL_CONVERSION = YES;
				CLANG_WARN_COMMA = YES;
				CLANG_WARN_CONSTANT_CONVERSION = YES;
				CLANG_WARN_DEPRECATED_OBJC_IMPLEMENTATIONS = YES;
				CLANG_WARN_DIRECT_OBJC_ISA_USAGE = YES_ERROR;
				CLANG_WARN_DOCUMENTATION_COMMENTS = YES;
				CLANG_WARN_EMPTY_BODY = YES;
				CLANG_WARN_ENUM_CONVERSION = YES;
				CLANG_WARN_INFINITE_RECURSION = YES;
				CLANG_WARN_INT_CONVERSION = YES;
				CLANG_WARN_NON_LITERAL_NULL_CONVERSION = YES;
				CLANG_WARN_OBJC_IMPLICIT_RETAIN_SELF = YES;
				CLANG_WARN_OBJC_LITERAL_CONVERSION = YES;
				CLANG_WARN_OBJC_ROOT_CLASS = YES_ERROR;
				CLANG_WARN_QUOTED_INCLUDE_IN_FRAMEWORK_HEADER = YES;
				CLANG_WARN_RANGE_LOOP_ANALYSIS = YES;
				CLANG_WARN_STRICT_PROTOTYPES = YES;
				CLANG_WARN_SUSPICIOUS_MOVE = YES;
				CLANG_WARN_UNGUARDED_AVAILABILITY = YES_AGGRESSIVE;
				CLANG_WARN_UNREACHABLE_CODE = YES;
				CLANG_WARN__DUPLICATE_METHOD_MATCH = YES;
				COPY_PHASE_STRIP = NO;
				DEBUG_INFORMATION_FORMAT = dwarf;
				ENABLE_BITCODE = NO;
				ENABLE_STRICT_OBJC_MSGSEND = YES;
				ENABLE_TESTABILITY = YES;
				"EXCLUDED_ARCHS[sdk=iphonesimulator*]" = arm64;
				GCC_C_LANGUAGE_STANDARD = gnu11;
				GCC_DYNAMIC_NO_PIC = NO;
				GCC_NO_COMMON_BLOCKS = YES;
				GCC_OPTIMIZATION_LEVEL = 0;
				GCC_PREPROCESSOR_DEFINITIONS = (
					"DEBUG=1",
					"$(inherited)",
				);
				GCC_WARN_64_TO_32_BIT_CONVERSION = YES;
				GCC_WARN_ABOUT_RETURN_TYPE = YES_ERROR;
				GCC_WARN_UNDECLARED_SELECTOR = YES;
				GCC_WARN_UNINITIALIZED_AUTOS = YES_AGGRESSIVE;
				GCC_WARN_UNUSED_FUNCTION = YES;
				GCC_WARN_UNUSED_VARIABLE = YES;
				IPHONEOS_DEPLOYMENT_TARGET = 14.2;
				MTL_ENABLE_DEBUG_INFO = INCLUDE_SOURCE;
				MTL_FAST_MATH = YES;
				ONLY_ACTIVE_ARCH = YES;
				SDKROOT = iphoneos;
				SWIFT_ACTIVE_COMPILATION_CONDITIONS = DEBUG;
				SWIFT_OPTIMIZATION_LEVEL = "-Onone";
				VALIDATE_WORKSPACE = YES;
			};
			name = Debug;
		};
		04CC0AEF25AC6A6900B8C4E2 /* Release */ = {
			isa = XCBuildConfiguration;
			buildSettings = {
				ALWAYS_SEARCH_USER_PATHS = NO;
				ARCHS = arm64;
				CLANG_ANALYZER_NONNULL = YES;
				CLANG_ANALYZER_NUMBER_OBJECT_CONVERSION = YES_AGGRESSIVE;
				CLANG_CXX_LANGUAGE_STANDARD = "gnu++14";
				CLANG_CXX_LIBRARY = "libc++";
				CLANG_ENABLE_MODULES = YES;
				CLANG_ENABLE_OBJC_ARC = YES;
				CLANG_ENABLE_OBJC_WEAK = YES;
				CLANG_WARN_BLOCK_CAPTURE_AUTORELEASING = YES;
				CLANG_WARN_BOOL_CONVERSION = YES;
				CLANG_WARN_COMMA = YES;
				CLANG_WARN_CONSTANT_CONVERSION = YES;
				CLANG_WARN_DEPRECATED_OBJC_IMPLEMENTATIONS = YES;
				CLANG_WARN_DIRECT_OBJC_ISA_USAGE = YES_ERROR;
				CLANG_WARN_DOCUMENTATION_COMMENTS = YES;
				CLANG_WARN_EMPTY_BODY = YES;
				CLANG_WARN_ENUM_CONVERSION = YES;
				CLANG_WARN_INFINITE_RECURSION = YES;
				CLANG_WARN_INT_CONVERSION = YES;
				CLANG_WARN_NON_LITERAL_NULL_CONVERSION = YES;
				CLANG_WARN_OBJC_IMPLICIT_RETAIN_SELF = YES;
				CLANG_WARN_OBJC_LITERAL_CONVERSION = YES;
				CLANG_WARN_OBJC_ROOT_CLASS = YES_ERROR;
				CLANG_WARN_QUOTED_INCLUDE_IN_FRAMEWORK_HEADER = YES;
				CLANG_WARN_RANGE_LOOP_ANALYSIS = YES;
				CLANG_WARN_STRICT_PROTOTYPES = YES;
				CLANG_WARN_SUSPICIOUS_MOVE = YES;
				CLANG_WARN_UNGUARDED_AVAILABILITY = YES_AGGRESSIVE;
				CLANG_WARN_UNREACHABLE_CODE = YES;
				CLANG_WARN__DUPLICATE_METHOD_MATCH = YES;
				COPY_PHASE_STRIP = NO;
				DEBUG_INFORMATION_FORMAT = "dwarf-with-dsym";
				ENABLE_BITCODE = NO;
				ENABLE_NS_ASSERTIONS = NO;
				ENABLE_STRICT_OBJC_MSGSEND = YES;
				"EXCLUDED_ARCHS[sdk=iphonesimulator*]" = arm64;
				GCC_C_LANGUAGE_STANDARD = gnu11;
				GCC_NO_COMMON_BLOCKS = YES;
				GCC_WARN_64_TO_32_BIT_CONVERSION = YES;
				GCC_WARN_ABOUT_RETURN_TYPE = YES_ERROR;
				GCC_WARN_UNDECLARED_SELECTOR = YES;
				GCC_WARN_UNINITIALIZED_AUTOS = YES_AGGRESSIVE;
				GCC_WARN_UNUSED_FUNCTION = YES;
				GCC_WARN_UNUSED_VARIABLE = YES;
				IPHONEOS_DEPLOYMENT_TARGET = 14.2;
				MTL_ENABLE_DEBUG_INFO = NO;
				MTL_FAST_MATH = YES;
				ONLY_ACTIVE_ARCH = YES;
				SDKROOT = iphoneos;
				SWIFT_COMPILATION_MODE = wholemodule;
				SWIFT_OPTIMIZATION_LEVEL = "-O";
				VALIDATE_PRODUCT = YES;
				VALIDATE_WORKSPACE = YES;
			};
			name = Release;
		};
		04CC0AF125AC6A6900B8C4E2 /* Debug */ = {
			isa = XCBuildConfiguration;
			baseConfigurationReference = 608E0CA996BC6302C9735526 /* Pods-ScreenMeet.debug.xcconfig */;
			buildSettings = {
				ARCHS = arm64;
				ASSETCATALOG_COMPILER_APPICON_NAME = AppIcon;
				ASSETCATALOG_COMPILER_GLOBAL_ACCENT_COLOR_NAME = AccentColor;
				CLANG_ENABLE_MODULES = YES;
				CLANG_ENABLE_OBJC_ARC = YES;
				CODE_SIGN_STYLE = Automatic;
				DEVELOPMENT_TEAM = U3AQW9824Q;
				ENABLE_BITCODE = NO;
				"EXCLUDED_ARCHS[sdk=iphonesimulator14.4]" = arm64;
				FRAMEWORK_SEARCH_PATHS = "$(inherited)";
				INFOPLIST_FILE = ScreenMeet/Info.plist;
				IPHONEOS_DEPLOYMENT_TARGET = 13.0;
				LD_RUNPATH_SEARCH_PATHS = (
					"$(inherited)",
					"@executable_path/Frameworks",
				);
				LIBRARY_SEARCH_PATHS = "$(inherited)";
				PRODUCT_BUNDLE_IDENTIFIER = com.projector.screenmeet.mediasoup;
				PRODUCT_NAME = "$(TARGET_NAME)";
				SWIFT_OBJC_BRIDGING_HEADER = "ScreenMeet/ScreenMeet-Bridging-Header.h";
				SWIFT_OPTIMIZATION_LEVEL = "-Onone";
				SWIFT_VERSION = 5.0;
				TARGETED_DEVICE_FAMILY = "1,2";
			};
			name = Debug;
		};
		04CC0AF225AC6A6900B8C4E2 /* Release */ = {
			isa = XCBuildConfiguration;
			baseConfigurationReference = 148E30CA7C218518B7C57077 /* Pods-ScreenMeet.release.xcconfig */;
			buildSettings = {
				ARCHS = arm64;
				ASSETCATALOG_COMPILER_APPICON_NAME = AppIcon;
				ASSETCATALOG_COMPILER_GLOBAL_ACCENT_COLOR_NAME = AccentColor;
				CLANG_ENABLE_MODULES = YES;
				CLANG_ENABLE_OBJC_ARC = YES;
				CODE_SIGN_STYLE = Automatic;
				DEVELOPMENT_TEAM = U3AQW9824Q;
				ENABLE_BITCODE = NO;
				"EXCLUDED_ARCHS[sdk=iphonesimulator14.4]" = arm64;
				FRAMEWORK_SEARCH_PATHS = "$(inherited)";
				INFOPLIST_FILE = ScreenMeet/Info.plist;
				IPHONEOS_DEPLOYMENT_TARGET = 13.0;
				LD_RUNPATH_SEARCH_PATHS = (
					"$(inherited)",
					"@executable_path/Frameworks",
				);
				LIBRARY_SEARCH_PATHS = "$(inherited)";
				ONLY_ACTIVE_ARCH = YES;
				PRODUCT_BUNDLE_IDENTIFIER = com.projector.screenmeet.mediasoup;
				PRODUCT_NAME = "$(TARGET_NAME)";
				SWIFT_OBJC_BRIDGING_HEADER = "ScreenMeet/ScreenMeet-Bridging-Header.h";
				SWIFT_VERSION = 5.0;
				TARGETED_DEVICE_FAMILY = "1,2";
				VALIDATE_PRODUCT = NO;
			};
			name = Release;
		};
/* End XCBuildConfiguration section */

/* Begin XCConfigurationList section */
		04CC0AD725AC6A6500B8C4E2 /* Build configuration list for PBXProject "ScreenMeet" */ = {
			isa = XCConfigurationList;
			buildConfigurations = (
				04CC0AEE25AC6A6900B8C4E2 /* Debug */,
				04CC0AEF25AC6A6900B8C4E2 /* Release */,
			);
			defaultConfigurationIsVisible = 0;
			defaultConfigurationName = Release;
		};
		04CC0AF025AC6A6900B8C4E2 /* Build configuration list for PBXNativeTarget "ScreenMeet" */ = {
			isa = XCConfigurationList;
			buildConfigurations = (
				04CC0AF125AC6A6900B8C4E2 /* Debug */,
				04CC0AF225AC6A6900B8C4E2 /* Release */,
			);
			defaultConfigurationIsVisible = 0;
			defaultConfigurationName = Release;
		};
/* End XCConfigurationList section */
	};
	rootObject = 04CC0AD425AC6A6500B8C4E2 /* Project object */;
}
